// !$*UTF8*$!
{
	archiveVersion = 1;
	classes = {
	};
	objectVersion = 46;
	objects = {

/* Begin PBXBuildFile section */
		2548A4AE139A8F21B516B02E /* libPods-Clay for Kids - 3D.a in Frameworks */ = {isa = PBXBuildFile; fileRef = 2F5B98292869F8CCF685DAA6 /* libPods-Clay for Kids - 3D.a */; };
		B28204DF1B622642003F3481 /* main.m in Sources */ = {isa = PBXBuildFile; fileRef = B28204DE1B622642003F3481 /* main.m */; };
		B28204E21B622642003F3481 /* AppDelegate.m in Sources */ = {isa = PBXBuildFile; fileRef = B28204E11B622642003F3481 /* AppDelegate.m */; };
		B28204E51B622642003F3481 /* ViewController.m in Sources */ = {isa = PBXBuildFile; fileRef = B28204E41B622642003F3481 /* ViewController.m */; };
		B28204E81B622642003F3481 /* Main.storyboard in Resources */ = {isa = PBXBuildFile; fileRef = B28204E61B622642003F3481 /* Main.storyboard */; };
		B28204EA1B622642003F3481 /* Images.xcassets in Resources */ = {isa = PBXBuildFile; fileRef = B28204E91B622642003F3481 /* Images.xcassets */; };
		B28204ED1B622642003F3481 /* LaunchScreen.xib in Resources */ = {isa = PBXBuildFile; fileRef = B28204EB1B622642003F3481 /* LaunchScreen.xib */; };
/* End PBXBuildFile section */

/* Begin PBXFileReference section */
		2F5B98292869F8CCF685DAA6 /* libPods-Clay for Kids - 3D.a */ = {isa = PBXFileReference; explicitFileType = archive.ar; includeInIndex = 0; path = "libPods-Clay for Kids - 3D.a"; sourceTree = BUILT_PRODUCTS_DIR; };
		5D71C3374987AA6C313B001E /* Pods-Clay for Kids - 3D.debug.xcconfig */ = {isa = PBXFileReference; includeInIndex = 1; lastKnownFileType = text.xcconfig; name = "Pods-Clay for Kids - 3D.debug.xcconfig"; path = "Pods/Target Support Files/Pods-Clay for Kids - 3D/Pods-Clay for Kids - 3D.debug.xcconfig"; sourceTree = "<group>"; };
		78F195FA3732D6723259FB8E /* Pods-Clay for Kids - 3D.release.xcconfig */ = {isa = PBXFileReference; includeInIndex = 1; lastKnownFileType = text.xcconfig; name = "Pods-Clay for Kids - 3D.release.xcconfig"; path = "Pods/Target Support Files/Pods-Clay for Kids - 3D/Pods-Clay for Kids - 3D.release.xcconfig"; sourceTree = "<group>"; };
		B28204D91B622642003F3481 /* Clay for Kids - 3D.app */ = {isa = PBXFileReference; explicitFileType = wrapper.application; includeInIndex = 0; path = "Clay for Kids - 3D.app"; sourceTree = BUILT_PRODUCTS_DIR; };
		B28204DD1B622642003F3481 /* Info.plist */ = {isa = PBXFileReference; lastKnownFileType = text.plist.xml; path = Info.plist; sourceTree = "<group>"; };
		B28204DE1B622642003F3481 /* main.m */ = {isa = PBXFileReference; lastKnownFileType = sourcecode.c.objc; path = main.m; sourceTree = "<group>"; };
		B28204E01B622642003F3481 /* AppDelegate.h */ = {isa = PBXFileReference; lastKnownFileType = sourcecode.c.h; path = AppDelegate.h; sourceTree = "<group>"; };
		B28204E11B622642003F3481 /* AppDelegate.m */ = {isa = PBXFileReference; lastKnownFileType = sourcecode.c.objc; path = AppDelegate.m; sourceTree = "<group>"; };
		B28204E31B622642003F3481 /* ViewController.h */ = {isa = PBXFileReference; lastKnownFileType = sourcecode.c.h; path = ViewController.h; sourceTree = "<group>"; };
		B28204E41B622642003F3481 /* ViewController.m */ = {isa = PBXFileReference; lastKnownFileType = sourcecode.c.objc; path = ViewController.m; sourceTree = "<group>"; };
		B28204E71B622642003F3481 /* Base */ = {isa = PBXFileReference; lastKnownFileType = file.storyboard; name = Base; path = Base.lproj/Main.storyboard; sourceTree = "<group>"; };
		B28204E91B622642003F3481 /* Images.xcassets */ = {isa = PBXFileReference; lastKnownFileType = folder.assetcatalog; path = Images.xcassets; sourceTree = "<group>"; };
		B28204EC1B622642003F3481 /* Base */ = {isa = PBXFileReference; lastKnownFileType = file.xib; name = Base; path = Base.lproj/LaunchScreen.xib; sourceTree = "<group>"; };
/* End PBXFileReference section */

/* Begin PBXFrameworksBuildPhase section */
		B28204D61B622642003F3481 /* Frameworks */ = {
			isa = PBXFrameworksBuildPhase;
			buildActionMask = 2147483647;
			files = (
				2548A4AE139A8F21B516B02E /* libPods-Clay for Kids - 3D.a in Frameworks */,
			);
			runOnlyForDeploymentPostprocessing = 0;
		};
/* End PBXFrameworksBuildPhase section */

/* Begin PBXGroup section */
		574B812072A7C81B85B96D62 /* Pods */ = {
			isa = PBXGroup;
			children = (
				5D71C3374987AA6C313B001E /* Pods-Clay for Kids - 3D.debug.xcconfig */,
				78F195FA3732D6723259FB8E /* Pods-Clay for Kids - 3D.release.xcconfig */,
			);
			name = Pods;
			sourceTree = "<group>";
		};
		858494965594CE9991F5E6E2 /* Frameworks */ = {
			isa = PBXGroup;
			children = (
				2F5B98292869F8CCF685DAA6 /* libPods-Clay for Kids - 3D.a */,
			);
			name = Frameworks;
			sourceTree = "<group>";
		};
		B28204D01B622642003F3481 = {
			isa = PBXGroup;
			children = (
				B28204DB1B622642003F3481 /* Clay for Kids - 3D */,
				B28204DA1B622642003F3481 /* Products */,
				574B812072A7C81B85B96D62 /* Pods */,
				858494965594CE9991F5E6E2 /* Frameworks */,
			);
			sourceTree = "<group>";
		};
		B28204DA1B622642003F3481 /* Products */ = {
			isa = PBXGroup;
			children = (
				B28204D91B622642003F3481 /* Clay for Kids - 3D.app */,
			);
			name = Products;
			sourceTree = "<group>";
		};
		B28204DB1B622642003F3481 /* Clay for Kids - 3D */ = {
			isa = PBXGroup;
			children = (
				B28204E01B622642003F3481 /* AppDelegate.h */,
				B28204E11B622642003F3481 /* AppDelegate.m */,
				B28204E31B622642003F3481 /* ViewController.h */,
				B28204E41B622642003F3481 /* ViewController.m */,
				B28204E61B622642003F3481 /* Main.storyboard */,
				B28204E91B622642003F3481 /* Images.xcassets */,
				B28204EB1B622642003F3481 /* LaunchScreen.xib */,
				B28204DC1B622642003F3481 /* Supporting Files */,
			);
			path = "Clay for Kids - 3D";
			sourceTree = "<group>";
		};
		B28204DC1B622642003F3481 /* Supporting Files */ = {
			isa = PBXGroup;
			children = (
				B28204DD1B622642003F3481 /* Info.plist */,
				B28204DE1B622642003F3481 /* main.m */,
			);
			name = "Supporting Files";
			sourceTree = "<group>";
		};
/* End PBXGroup section */

/* Begin PBXNativeTarget section */
		B28204D81B622642003F3481 /* Clay for Kids - 3D */ = {
			isa = PBXNativeTarget;
			buildConfigurationList = B28204FC1B622642003F3481 /* Build configuration list for PBXNativeTarget "Clay for Kids - 3D" */;
			buildPhases = (
				298F972F7482F21B1ED6D89B /* Check Pods Manifest.lock */,
				B28204D51B622642003F3481 /* Sources */,
				B28204D61B622642003F3481 /* Frameworks */,
				B28204D71B622642003F3481 /* Resources */,
				570DAA63ADBD7E3C4B5EFC2D /* Copy Pods Resources */,
			);
			buildRules = (
			);
			dependencies = (
			);
			name = "Clay for Kids - 3D";
			productName = "Clay for Kids - 3D";
			productReference = B28204D91B622642003F3481 /* Clay for Kids - 3D.app */;
			productType = "com.apple.product-type.application";
		};
/* End PBXNativeTarget section */

/* Begin PBXProject section */
		B28204D11B622642003F3481 /* Project object */ = {
			isa = PBXProject;
			attributes = {
				LastUpgradeCheck = 0640;
				ORGANIZATIONNAME = "Thien Nguyen";
				TargetAttributes = {
					B28204D81B622642003F3481 = {
						CreatedOnToolsVersion = 6.4;
					};
				};
			};
			buildConfigurationList = B28204D41B622642003F3481 /* Build configuration list for PBXProject "Clay for Kids - 3D" */;
			compatibilityVersion = "Xcode 3.2";
			developmentRegion = English;
			hasScannedForEncodings = 0;
			knownRegions = (
				en,
				Base,
			);
			mainGroup = B28204D01B622642003F3481;
			productRefGroup = B28204DA1B622642003F3481 /* Products */;
			projectDirPath = "";
			projectRoot = "";
			targets = (
				B28204D81B622642003F3481 /* Clay for Kids - 3D */,
			);
		};
/* End PBXProject section */

/* Begin PBXResourcesBuildPhase section */
		B28204D71B622642003F3481 /* Resources */ = {
			isa = PBXResourcesBuildPhase;
			buildActionMask = 2147483647;
			files = (
				B28204E81B622642003F3481 /* Main.storyboard in Resources */,
				B28204ED1B622642003F3481 /* LaunchScreen.xib in Resources */,
				B28204EA1B622642003F3481 /* Images.xcassets in Resources */,
			);
			runOnlyForDeploymentPostprocessing = 0;
		};
/* End PBXResourcesBuildPhase section */

/* Begin PBXShellScriptBuildPhase section */
		298F972F7482F21B1ED6D89B /* Check Pods Manifest.lock */ = {
			isa = PBXShellScriptBuildPhase;
			buildActionMask = 2147483647;
			files = (
			);
			inputPaths = (
			);
			name = "Check Pods Manifest.lock";
			outputPaths = (
			);
			runOnlyForDeploymentPostprocessing = 0;
			shellPath = /bin/sh;
			shellScript = "diff \"${PODS_ROOT}/../Podfile.lock\" \"${PODS_ROOT}/Manifest.lock\" > /dev/null\nif [[ $? != 0 ]] ; then\n    cat << EOM\nerror: The sandbox is not in sync with the Podfile.lock. Run 'pod install' or update your CocoaPods installation.\nEOM\n    exit 1\nfi\n";
			showEnvVarsInLog = 0;
		};
		570DAA63ADBD7E3C4B5EFC2D /* Copy Pods Resources */ = {
			isa = PBXShellScriptBuildPhase;
			buildActionMask = 2147483647;
			files = (
			);
			inputPaths = (
			);
			name = "Copy Pods Resources";
			outputPaths = (
			);
			runOnlyForDeploymentPostprocessing = 0;
			shellPath = /bin/sh;
			shellScript = "\"${SRCROOT}/Pods/Target Support Files/Pods-Clay for Kids - 3D/Pods-Clay for Kids - 3D-resources.sh\"\n";
			showEnvVarsInLog = 0;
		};
/* End PBXShellScriptBuildPhase section */

/* Begin PBXSourcesBuildPhase section */
		B28204D51B622642003F3481 /* Sources */ = {
			isa = PBXSourcesBuildPhase;
			buildActionMask = 2147483647;
			files = (
				B28204E51B622642003F3481 /* ViewController.m in Sources */,
				B28204E21B622642003F3481 /* AppDelegate.m in Sources */,
				B28204DF1B622642003F3481 /* main.m in Sources */,
			);
			runOnlyForDeploymentPostprocessing = 0;
		};
/* End PBXSourcesBuildPhase section */

/* Begin PBXVariantGroup section */
		B28204E61B622642003F3481 /* Main.storyboard */ = {
			isa = PBXVariantGroup;
			children = (
				B28204E71B622642003F3481 /* Base */,
			);
			name = Main.storyboard;
			sourceTree = "<group>";
		};
		B28204EB1B622642003F3481 /* LaunchScreen.xib */ = {
			isa = PBXVariantGroup;
			children = (
				B28204EC1B622642003F3481 /* Base */,
			);
			name = LaunchScreen.xib;
			sourceTree = "<group>";
		};
/* End PBXVariantGroup section */

/* Begin XCBuildConfiguration section */
		B28204FA1B622642003F3481 /* Debug */ = {
			isa = XCBuildConfiguration;
			buildSettings = {
				ALWAYS_SEARCH_USER_PATHS = NO;
				CLANG_CXX_LANGUAGE_STANDARD = "gnu++0x";
				CLANG_CXX_LIBRARY = "libc++";
				CLANG_ENABLE_MODULES = YES;
				CLANG_ENABLE_OBJC_ARC = YES;
				CLANG_WARN_BOOL_CONVERSION = YES;
				CLANG_WARN_CONSTANT_CONVERSION = YES;
				CLANG_WARN_DIRECT_OBJC_ISA_USAGE = YES_ERROR;
				CLANG_WARN_EMPTY_BODY = YES;
				CLANG_WARN_ENUM_CONVERSION = YES;
				CLANG_WARN_INT_CONVERSION = YES;
				CLANG_WARN_OBJC_ROOT_CLASS = YES_ERROR;
				CLANG_WARN_UNREACHABLE_CODE = YES;
				CLANG_WARN__DUPLICATE_METHOD_MATCH = YES;
				"CODE_SIGN_IDENTITY[sdk=iphoneos*]" = "iPhone Developer";
				COPY_PHASE_STRIP = NO;
				DEBUG_INFORMATION_FORMAT = "dwarf-with-dsym";
				ENABLE_STRICT_OBJC_MSGSEND = YES;
				GCC_C_LANGUAGE_STANDARD = gnu99;
				GCC_DYNAMIC_NO_PIC = NO;
				GCC_NO_COMMON_BLOCKS = YES;
				GCC_OPTIMIZATION_LEVEL = 0;
				GCC_PREPROCESSOR_DEFINITIONS = (
					"DEBUG=1",
					"$(inherited)",
				);
				GCC_SYMBOLS_PRIVATE_EXTERN = NO;
				GCC_WARN_64_TO_32_BIT_CONVERSION = YES;
				GCC_WARN_ABOUT_RETURN_TYPE = YES_ERROR;
				GCC_WARN_UNDECLARED_SELECTOR = YES;
				GCC_WARN_UNINITIALIZED_AUTOS = YES_AGGRESSIVE;
				GCC_WARN_UNUSED_FUNCTION = YES;
				GCC_WARN_UNUSED_VARIABLE = YES;
				IPHONEOS_DEPLOYMENT_TARGET = 7.0;
				MTL_ENABLE_DEBUG_INFO = YES;
				ONLY_ACTIVE_ARCH = YES;
				SDKROOT = iphoneos;
				TARGETED_DEVICE_FAMILY = "1,2";
			};
			name = Debug;
		};
		B28204FB1B622642003F3481 /* Release */ = {
			isa = XCBuildConfiguration;
			buildSettings = {
				ALWAYS_SEARCH_USER_PATHS = NO;
				CLANG_CXX_LANGUAGE_STANDARD = "gnu++0x";
				CLANG_CXX_LIBRARY = "libc++";
				CLANG_ENABLE_MODULES = YES;
				CLANG_ENABLE_OBJC_ARC = YES;
				CLANG_WARN_BOOL_CONVERSION = YES;
				CLANG_WARN_CONSTANT_CONVERSION = YES;
				CLANG_WARN_DIRECT_OBJC_ISA_USAGE = YES_ERROR;
				CLANG_WARN_EMPTY_BODY = YES;
				CLANG_WARN_ENUM_CONVERSION = YES;
				CLANG_WARN_INT_CONVERSION = YES;
				CLANG_WARN_OBJC_ROOT_CLASS = YES_ERROR;
				CLANG_WARN_UNREACHABLE_CODE = YES;
				CLANG_WARN__DUPLICATE_METHOD_MATCH = YES;
				"CODE_SIGN_IDENTITY[sdk=iphoneos*]" = "iPhone Developer";
				COPY_PHASE_STRIP = NO;
				DEBUG_INFORMATION_FORMAT = "dwarf-with-dsym";
				ENABLE_NS_ASSERTIONS = NO;
				ENABLE_STRICT_OBJC_MSGSEND = YES;
				GCC_C_LANGUAGE_STANDARD = gnu99;
				GCC_NO_COMMON_BLOCKS = YES;
				GCC_WARN_64_TO_32_BIT_CONVERSION = YES;
				GCC_WARN_ABOUT_RETURN_TYPE = YES_ERROR;
				GCC_WARN_UNDECLARED_SELECTOR = YES;
				GCC_WARN_UNINITIALIZED_AUTOS = YES_AGGRESSIVE;
				GCC_WARN_UNUSED_FUNCTION = YES;
				GCC_WARN_UNUSED_VARIABLE = YES;
				IPHONEOS_DEPLOYMENT_TARGET = 7.0;
				MTL_ENABLE_DEBUG_INFO = NO;
				SDKROOT = iphoneos;
				TARGETED_DEVICE_FAMILY = "1,2";
				VALIDATE_PRODUCT = YES;
			};
			name = Release;
		};
		B28204FD1B622642003F3481 /* Debug */ = {
			isa = XCBuildConfiguration;
			baseConfigurationReference = 5D71C3374987AA6C313B001E /* Pods-Clay for Kids - 3D.debug.xcconfig */;
			buildSettings = {
				ASSETCATALOG_COMPILER_APPICON_NAME = AppIcon;
				ASSETCATALOG_COMPILER_LAUNCHIMAGE_NAME = LaunchImage;
				INFOPLIST_FILE = "Clay for Kids - 3D/Info.plist";
				LD_RUNPATH_SEARCH_PATHS = "$(inherited) @executable_path/Frameworks";
				PRODUCT_NAME = "$(TARGET_NAME)";
				TARGETED_DEVICE_FAMILY = 1;
			};
			name = Debug;
		};
		B28204FE1B622642003F3481 /* Release */ = {
			isa = XCBuildConfiguration;
			baseConfigurationReference = 78F195FA3732D6723259FB8E /* Pods-Clay for Kids - 3D.release.xcconfig */;
			buildSettings = {
				ASSETCATALOG_COMPILER_APPICON_NAME = AppIcon;
				ASSETCATALOG_COMPILER_LAUNCHIMAGE_NAME = LaunchImage;
				INFOPLIST_FILE = "Clay for Kids - 3D/Info.plist";
				LD_RUNPATH_SEARCH_PATHS = "$(inherited) @executable_path/Frameworks";
				PRODUCT_NAME = "$(TARGET_NAME)";
				TARGETED_DEVICE_FAMILY = 1;
			};
			name = Release;
		};
/* End XCBuildConfiguration section */

/* Begin XCConfigurationList section */
		B28204D41B622642003F3481 /* Build configuration list for PBXProject "Clay for Kids - 3D" */ = {
			isa = XCConfigurationList;
			buildConfigurations = (
				B28204FA1B622642003F3481 /* Debug */,
				B28204FB1B622642003F3481 /* Release */,
			);
			defaultConfigurationIsVisible = 0;
			defaultConfigurationName = Release;
		};
		B28204FC1B622642003F3481 /* Build configuration list for PBXNativeTarget "Clay for Kids - 3D" */ = {
			isa = XCConfigurationList;
			buildConfigurations = (
				B28204FD1B622642003F3481 /* Debug */,
				B28204FE1B622642003F3481 /* Release */,
			);
			defaultConfigurationIsVisible = 0;
			defaultConfigurationName = Release;
		};
/* End XCConfigurationList section */
	};
	rootObject = B28204D11B622642003F3481 /* Project object */;
}
