// !$*UTF8*$!
{
	archiveVersion = 1;
	classes = {
	};
	objectVersion = 46;
	objects = {

/* Begin PBXBuildFile section */
		2548A4AE139A8F21B516B02E /* libPods-Clay for Kids - 3D.a in Frameworks */ = {isa = PBXBuildFile; fileRef = 2F5B98292869F8CCF685DAA6 /* libPods-Clay for Kids - 3D.a */; };
		B28204DF1B622642003F3481 /* main.m in Sources */ = {isa = PBXBuildFile; fileRef = B28204DE1B622642003F3481 /* main.m */; };
		B28204E21B622642003F3481 /* AppDelegate.m in Sources */ = {isa = PBXBuildFile; fileRef = B28204E11B622642003F3481 /* AppDelegate.m */; };
		B28204E51B622642003F3481 /* ViewController.m in Sources */ = {isa = PBXBuildFile; fileRef = B28204E41B622642003F3481 /* ViewController.m */; };
		B28204EA1B622642003F3481 /* Images.xcassets in Resources */ = {isa = PBXBuildFile; fileRef = B28204E91B622642003F3481 /* Images.xcassets */; };
		B28204ED1B622642003F3481 /* LaunchScreen.xib in Resources */ = {isa = PBXBuildFile; fileRef = B28204EB1B622642003F3481 /* LaunchScreen.xib */; };
		B28205071B622D74003F3481 /* ConfigApp.m in Sources */ = {isa = PBXBuildFile; fileRef = B28205031B622D74003F3481 /* ConfigApp.m */; };
		B28205081B622D74003F3481 /* MoreApp.m in Sources */ = {isa = PBXBuildFile; fileRef = B28205051B622D74003F3481 /* MoreApp.m */; };
		B28205101B622DB9003F3481 /* Utils.m in Sources */ = {isa = PBXBuildFile; fileRef = B282050D1B622DB9003F3481 /* Utils.m */; };
		B28205111B622DB9003F3481 /* ConfigManager.m in Sources */ = {isa = PBXBuildFile; fileRef = B282050E1B622DB9003F3481 /* ConfigManager.m */; };
		B28205171B622DF8003F3481 /* DownloadManager.m in Sources */ = {isa = PBXBuildFile; fileRef = B28205131B622DF8003F3481 /* DownloadManager.m */; };
		B28205181B622DF8003F3481 /* SQLiteManager.m in Sources */ = {isa = PBXBuildFile; fileRef = B28205141B622DF8003F3481 /* SQLiteManager.m */; };
		B282051C1B622EA4003F3481 /* Clay.m in Sources */ = {isa = PBXBuildFile; fileRef = B282051B1B622EA4003F3481 /* Clay.m */; };
		B282051F1B622EC1003F3481 /* ClayGroup.m in Sources */ = {isa = PBXBuildFile; fileRef = B282051E1B622EC1003F3481 /* ClayGroup.m */; };
		B28205221B622EF4003F3481 /* ClayStep.m in Sources */ = {isa = PBXBuildFile; fileRef = B28205211B622EF4003F3481 /* ClayStep.m */; };
		B28205241B623520003F3481 /* libsqlite3.0.dylib in Frameworks */ = {isa = PBXBuildFile; fileRef = B28205231B623520003F3481 /* libsqlite3.0.dylib */; };
		B28205261B62359C003F3481 /* Clay_Everything.sqlite in Resources */ = {isa = PBXBuildFile; fileRef = B28205251B62359C003F3481 /* Clay_Everything.sqlite */; };
		B28205A61B623851003F3481 /* 126_icon.png in Resources */ = {isa = PBXBuildFile; fileRef = B28205281B623850003F3481 /* 126_icon.png */; };
		B28205A71B623851003F3481 /* 123_icon.png in Resources */ = {isa = PBXBuildFile; fileRef = B28205291B623850003F3481 /* 123_icon.png */; };
		B28205A81B623851003F3481 /* 124_icon.png in Resources */ = {isa = PBXBuildFile; fileRef = B282052A1B623850003F3481 /* 124_icon.png */; };
		B28205A91B623851003F3481 /* 125_icon.png in Resources */ = {isa = PBXBuildFile; fileRef = B282052B1B623850003F3481 /* 125_icon.png */; };
		B28205AA1B623851003F3481 /* 120_icon.png in Resources */ = {isa = PBXBuildFile; fileRef = B282052C1B623850003F3481 /* 120_icon.png */; };
		B28205AB1B623851003F3481 /* 121_icon.png in Resources */ = {isa = PBXBuildFile; fileRef = B282052D1B623850003F3481 /* 121_icon.png */; };
		B28205AC1B623851003F3481 /* 122_icon.png in Resources */ = {isa = PBXBuildFile; fileRef = B282052E1B623850003F3481 /* 122_icon.png */; };
		B28205AD1B623851003F3481 /* 117_icon.png in Resources */ = {isa = PBXBuildFile; fileRef = B282052F1B623850003F3481 /* 117_icon.png */; };
		B28205AE1B623851003F3481 /* 118_icon.png in Resources */ = {isa = PBXBuildFile; fileRef = B28205301B623850003F3481 /* 118_icon.png */; };
		B28205AF1B623851003F3481 /* 119_icon.png in Resources */ = {isa = PBXBuildFile; fileRef = B28205311B623850003F3481 /* 119_icon.png */; };
		B28205B01B623851003F3481 /* 114_icon.png in Resources */ = {isa = PBXBuildFile; fileRef = B28205321B623850003F3481 /* 114_icon.png */; };
		B28205B11B623851003F3481 /* 115_icon.png in Resources */ = {isa = PBXBuildFile; fileRef = B28205331B623850003F3481 /* 115_icon.png */; };
		B28205B21B623851003F3481 /* 116_icon.png in Resources */ = {isa = PBXBuildFile; fileRef = B28205341B623850003F3481 /* 116_icon.png */; };
		B28205B31B623851003F3481 /* 111_icon.png in Resources */ = {isa = PBXBuildFile; fileRef = B28205351B623850003F3481 /* 111_icon.png */; };
		B28205B41B623851003F3481 /* 112_icon.png in Resources */ = {isa = PBXBuildFile; fileRef = B28205361B623850003F3481 /* 112_icon.png */; };
		B28205B51B623851003F3481 /* 113_icon.png in Resources */ = {isa = PBXBuildFile; fileRef = B28205371B623850003F3481 /* 113_icon.png */; };
		B28205B61B623851003F3481 /* 108_icon.png in Resources */ = {isa = PBXBuildFile; fileRef = B28205381B623850003F3481 /* 108_icon.png */; };
		B28205B71B623851003F3481 /* 109_icon.png in Resources */ = {isa = PBXBuildFile; fileRef = B28205391B623850003F3481 /* 109_icon.png */; };
		B28205B81B623851003F3481 /* 110_icon.png in Resources */ = {isa = PBXBuildFile; fileRef = B282053A1B623850003F3481 /* 110_icon.png */; };
		B28205B91B623851003F3481 /* 105_icon.png in Resources */ = {isa = PBXBuildFile; fileRef = B282053B1B623850003F3481 /* 105_icon.png */; };
		B28205BA1B623851003F3481 /* 106_icon.png in Resources */ = {isa = PBXBuildFile; fileRef = B282053C1B623850003F3481 /* 106_icon.png */; };
		B28205BB1B623851003F3481 /* 107_icon.png in Resources */ = {isa = PBXBuildFile; fileRef = B282053D1B623850003F3481 /* 107_icon.png */; };
		B28205BC1B623851003F3481 /* 103_icon.png in Resources */ = {isa = PBXBuildFile; fileRef = B282053E1B623850003F3481 /* 103_icon.png */; };
		B28205BD1B623851003F3481 /* 104_icon.png in Resources */ = {isa = PBXBuildFile; fileRef = B282053F1B623850003F3481 /* 104_icon.png */; };
		B28205BE1B623851003F3481 /* 100_icon.png in Resources */ = {isa = PBXBuildFile; fileRef = B28205401B623850003F3481 /* 100_icon.png */; };
		B28205BF1B623851003F3481 /* 101_icon.png in Resources */ = {isa = PBXBuildFile; fileRef = B28205411B623850003F3481 /* 101_icon.png */; };
		B28205C01B623851003F3481 /* 102_icon.png in Resources */ = {isa = PBXBuildFile; fileRef = B28205421B623850003F3481 /* 102_icon.png */; };
		B28205C11B623851003F3481 /* 097_icon.png in Resources */ = {isa = PBXBuildFile; fileRef = B28205431B623850003F3481 /* 097_icon.png */; };
		B28205C21B623851003F3481 /* 098_icon.png in Resources */ = {isa = PBXBuildFile; fileRef = B28205441B623850003F3481 /* 098_icon.png */; };
		B28205C31B623851003F3481 /* 099_icon.png in Resources */ = {isa = PBXBuildFile; fileRef = B28205451B623850003F3481 /* 099_icon.png */; };
		B28205C41B623851003F3481 /* 094_icon.png in Resources */ = {isa = PBXBuildFile; fileRef = B28205461B623850003F3481 /* 094_icon.png */; };
		B28205C51B623851003F3481 /* 095_icon.png in Resources */ = {isa = PBXBuildFile; fileRef = B28205471B623850003F3481 /* 095_icon.png */; };
		B28205C61B623851003F3481 /* 096_icon.png in Resources */ = {isa = PBXBuildFile; fileRef = B28205481B623850003F3481 /* 096_icon.png */; };
		B28205C71B623851003F3481 /* 090_icon.png in Resources */ = {isa = PBXBuildFile; fileRef = B28205491B623850003F3481 /* 090_icon.png */; };
		B28205C81B623851003F3481 /* 091_icon.png in Resources */ = {isa = PBXBuildFile; fileRef = B282054A1B623850003F3481 /* 091_icon.png */; };
		B28205C91B623851003F3481 /* 092_icon.png in Resources */ = {isa = PBXBuildFile; fileRef = B282054B1B623850003F3481 /* 092_icon.png */; };
		B28205CA1B623851003F3481 /* 093_icon.png in Resources */ = {isa = PBXBuildFile; fileRef = B282054C1B623850003F3481 /* 093_icon.png */; };
		B28205CB1B623851003F3481 /* 087_icon.png in Resources */ = {isa = PBXBuildFile; fileRef = B282054D1B623850003F3481 /* 087_icon.png */; };
		B28205CC1B623851003F3481 /* 088_icon.png in Resources */ = {isa = PBXBuildFile; fileRef = B282054E1B623850003F3481 /* 088_icon.png */; };
		B28205CD1B623851003F3481 /* 089_icon.png in Resources */ = {isa = PBXBuildFile; fileRef = B282054F1B623850003F3481 /* 089_icon.png */; };
		B28205CE1B623851003F3481 /* 085_icon.png in Resources */ = {isa = PBXBuildFile; fileRef = B28205501B623850003F3481 /* 085_icon.png */; };
		B28205CF1B623851003F3481 /* 086_icon.png in Resources */ = {isa = PBXBuildFile; fileRef = B28205511B623850003F3481 /* 086_icon.png */; };
		B28205D01B623851003F3481 /* 082_icon.png in Resources */ = {isa = PBXBuildFile; fileRef = B28205521B623850003F3481 /* 082_icon.png */; };
		B28205D11B623851003F3481 /* 083_icon.png in Resources */ = {isa = PBXBuildFile; fileRef = B28205531B623850003F3481 /* 083_icon.png */; };
		B28205D21B623851003F3481 /* 084_icon.png in Resources */ = {isa = PBXBuildFile; fileRef = B28205541B623850003F3481 /* 084_icon.png */; };
		B28205D31B623851003F3481 /* 078_icon.png in Resources */ = {isa = PBXBuildFile; fileRef = B28205551B623850003F3481 /* 078_icon.png */; };
		B28205D41B623851003F3481 /* 079_icon.png in Resources */ = {isa = PBXBuildFile; fileRef = B28205561B623850003F3481 /* 079_icon.png */; };
		B28205D51B623851003F3481 /* 080_icon.png in Resources */ = {isa = PBXBuildFile; fileRef = B28205571B623850003F3481 /* 080_icon.png */; };
		B28205D61B623851003F3481 /* 081_icon.png in Resources */ = {isa = PBXBuildFile; fileRef = B28205581B623850003F3481 /* 081_icon.png */; };
		B28205D71B623851003F3481 /* 073_icon.png in Resources */ = {isa = PBXBuildFile; fileRef = B28205591B623850003F3481 /* 073_icon.png */; };
		B28205D81B623851003F3481 /* 074_icon.png in Resources */ = {isa = PBXBuildFile; fileRef = B282055A1B623850003F3481 /* 074_icon.png */; };
		B28205D91B623851003F3481 /* 075_icon.png in Resources */ = {isa = PBXBuildFile; fileRef = B282055B1B623850003F3481 /* 075_icon.png */; };
		B28205DA1B623851003F3481 /* 076_icon.png in Resources */ = {isa = PBXBuildFile; fileRef = B282055C1B623850003F3481 /* 076_icon.png */; };
		B28205DB1B623851003F3481 /* 077_icon.png in Resources */ = {isa = PBXBuildFile; fileRef = B282055D1B623850003F3481 /* 077_icon.png */; };
		B28205DC1B623851003F3481 /* 068_icon.png in Resources */ = {isa = PBXBuildFile; fileRef = B282055E1B623850003F3481 /* 068_icon.png */; };
		B28205DD1B623851003F3481 /* 069_icon.png in Resources */ = {isa = PBXBuildFile; fileRef = B282055F1B623850003F3481 /* 069_icon.png */; };
		B28205DE1B623851003F3481 /* 070_icon.png in Resources */ = {isa = PBXBuildFile; fileRef = B28205601B623850003F3481 /* 070_icon.png */; };
		B28205DF1B623851003F3481 /* 071_icon.png in Resources */ = {isa = PBXBuildFile; fileRef = B28205611B623850003F3481 /* 071_icon.png */; };
		B28205E01B623851003F3481 /* 072_icon.png in Resources */ = {isa = PBXBuildFile; fileRef = B28205621B623850003F3481 /* 072_icon.png */; };
		B28205E11B623851003F3481 /* 064_icon.png in Resources */ = {isa = PBXBuildFile; fileRef = B28205631B623850003F3481 /* 064_icon.png */; };
		B28205E21B623851003F3481 /* 065_icon.png in Resources */ = {isa = PBXBuildFile; fileRef = B28205641B623850003F3481 /* 065_icon.png */; };
		B28205E31B623851003F3481 /* 066_icon.png in Resources */ = {isa = PBXBuildFile; fileRef = B28205651B623850003F3481 /* 066_icon.png */; };
		B28205E41B623851003F3481 /* 067_icon.png in Resources */ = {isa = PBXBuildFile; fileRef = B28205661B623850003F3481 /* 067_icon.png */; };
		B28205E51B623851003F3481 /* 059_icon.png in Resources */ = {isa = PBXBuildFile; fileRef = B28205671B623850003F3481 /* 059_icon.png */; };
		B28205E61B623851003F3481 /* 060_icon.png in Resources */ = {isa = PBXBuildFile; fileRef = B28205681B623850003F3481 /* 060_icon.png */; };
		B28205E71B623851003F3481 /* 061_icon.png in Resources */ = {isa = PBXBuildFile; fileRef = B28205691B623850003F3481 /* 061_icon.png */; };
		B28205E81B623851003F3481 /* 062_icon.png in Resources */ = {isa = PBXBuildFile; fileRef = B282056A1B623850003F3481 /* 062_icon.png */; };
		B28205E91B623851003F3481 /* 063_icon.png in Resources */ = {isa = PBXBuildFile; fileRef = B282056B1B623850003F3481 /* 063_icon.png */; };
		B28205EA1B623851003F3481 /* 054_icon.png in Resources */ = {isa = PBXBuildFile; fileRef = B282056C1B623850003F3481 /* 054_icon.png */; };
		B28205EB1B623851003F3481 /* 055_icon.png in Resources */ = {isa = PBXBuildFile; fileRef = B282056D1B623850003F3481 /* 055_icon.png */; };
		B28205EC1B623851003F3481 /* 056_icon.png in Resources */ = {isa = PBXBuildFile; fileRef = B282056E1B623850003F3481 /* 056_icon.png */; };
		B28205ED1B623851003F3481 /* 057_icon.png in Resources */ = {isa = PBXBuildFile; fileRef = B282056F1B623850003F3481 /* 057_icon.png */; };
		B28205EE1B623851003F3481 /* 058_icon.png in Resources */ = {isa = PBXBuildFile; fileRef = B28205701B623850003F3481 /* 058_icon.png */; };
		B28205EF1B623851003F3481 /* 052_icon.png in Resources */ = {isa = PBXBuildFile; fileRef = B28205711B623850003F3481 /* 052_icon.png */; };
		B28205F01B623851003F3481 /* 053_icon.png in Resources */ = {isa = PBXBuildFile; fileRef = B28205721B623850003F3481 /* 053_icon.png */; };
		B28205F11B623851003F3481 /* 049_icon.png in Resources */ = {isa = PBXBuildFile; fileRef = B28205731B623850003F3481 /* 049_icon.png */; };
		B28205F21B623851003F3481 /* 050_icon.png in Resources */ = {isa = PBXBuildFile; fileRef = B28205741B623850003F3481 /* 050_icon.png */; };
		B28205F31B623851003F3481 /* 051_icon.png in Resources */ = {isa = PBXBuildFile; fileRef = B28205751B623850003F3481 /* 051_icon.png */; };
		B28205F41B623851003F3481 /* 047_icon.png in Resources */ = {isa = PBXBuildFile; fileRef = B28205761B623850003F3481 /* 047_icon.png */; };
		B28205F51B623851003F3481 /* 048_icon.png in Resources */ = {isa = PBXBuildFile; fileRef = B28205771B623850003F3481 /* 048_icon.png */; };
		B28205F61B623851003F3481 /* 045_icon.png in Resources */ = {isa = PBXBuildFile; fileRef = B28205781B623850003F3481 /* 045_icon.png */; };
		B28205F71B623851003F3481 /* 046_icon.png in Resources */ = {isa = PBXBuildFile; fileRef = B28205791B623850003F3481 /* 046_icon.png */; };
		B28205F81B623851003F3481 /* 043_icon.png in Resources */ = {isa = PBXBuildFile; fileRef = B282057A1B623850003F3481 /* 043_icon.png */; };
		B28205F91B623851003F3481 /* 044_icon.png in Resources */ = {isa = PBXBuildFile; fileRef = B282057B1B623850003F3481 /* 044_icon.png */; };
		B28205FA1B623851003F3481 /* 041_icon.png in Resources */ = {isa = PBXBuildFile; fileRef = B282057C1B623850003F3481 /* 041_icon.png */; };
		B28205FB1B623851003F3481 /* 042_icon.png in Resources */ = {isa = PBXBuildFile; fileRef = B282057D1B623850003F3481 /* 042_icon.png */; };
		B28205FC1B623851003F3481 /* 039_icon.png in Resources */ = {isa = PBXBuildFile; fileRef = B282057E1B623850003F3481 /* 039_icon.png */; };
		B28205FD1B623851003F3481 /* 040_icon.png in Resources */ = {isa = PBXBuildFile; fileRef = B282057F1B623850003F3481 /* 040_icon.png */; };
		B28205FE1B623851003F3481 /* 035_icon.png in Resources */ = {isa = PBXBuildFile; fileRef = B28205801B623850003F3481 /* 035_icon.png */; };
		B28205FF1B623851003F3481 /* 036_icon.png in Resources */ = {isa = PBXBuildFile; fileRef = B28205811B623850003F3481 /* 036_icon.png */; };
		B28206001B623851003F3481 /* 037_icon.png in Resources */ = {isa = PBXBuildFile; fileRef = B28205821B623850003F3481 /* 037_icon.png */; };
		B28206011B623851003F3481 /* 038_icon.png in Resources */ = {isa = PBXBuildFile; fileRef = B28205831B623850003F3481 /* 038_icon.png */; };
		B28206021B623851003F3481 /* 030_icon.png in Resources */ = {isa = PBXBuildFile; fileRef = B28205841B623850003F3481 /* 030_icon.png */; };
		B28206031B623851003F3481 /* 031_icon.png in Resources */ = {isa = PBXBuildFile; fileRef = B28205851B623850003F3481 /* 031_icon.png */; };
		B28206041B623851003F3481 /* 032_icon.png in Resources */ = {isa = PBXBuildFile; fileRef = B28205861B623850003F3481 /* 032_icon.png */; };
		B28206051B623851003F3481 /* 033_icon.png in Resources */ = {isa = PBXBuildFile; fileRef = B28205871B623850003F3481 /* 033_icon.png */; };
		B28206061B623851003F3481 /* 034_icon.png in Resources */ = {isa = PBXBuildFile; fileRef = B28205881B623850003F3481 /* 034_icon.png */; };
		B28206071B623851003F3481 /* 027_icon.png in Resources */ = {isa = PBXBuildFile; fileRef = B28205891B623850003F3481 /* 027_icon.png */; };
		B28206081B623851003F3481 /* 028_icon.png in Resources */ = {isa = PBXBuildFile; fileRef = B282058A1B623850003F3481 /* 028_icon.png */; };
		B28206091B623851003F3481 /* 029_icon.png in Resources */ = {isa = PBXBuildFile; fileRef = B282058B1B623850003F3481 /* 029_icon.png */; };
		B282060A1B623851003F3481 /* 024_icon.png in Resources */ = {isa = PBXBuildFile; fileRef = B282058C1B623850003F3481 /* 024_icon.png */; };
		B282060B1B623851003F3481 /* 025_icon.png in Resources */ = {isa = PBXBuildFile; fileRef = B282058D1B623850003F3481 /* 025_icon.png */; };
		B282060C1B623851003F3481 /* 026_icon.png in Resources */ = {isa = PBXBuildFile; fileRef = B282058E1B623850003F3481 /* 026_icon.png */; };
		B282060D1B623851003F3481 /* 022_icon.png in Resources */ = {isa = PBXBuildFile; fileRef = B282058F1B623850003F3481 /* 022_icon.png */; };
		B282060E1B623851003F3481 /* 023_icon.png in Resources */ = {isa = PBXBuildFile; fileRef = B28205901B623850003F3481 /* 023_icon.png */; };
		B282060F1B623851003F3481 /* 018_icon.png in Resources */ = {isa = PBXBuildFile; fileRef = B28205911B623850003F3481 /* 018_icon.png */; };
		B28206101B623851003F3481 /* 019_icon.png in Resources */ = {isa = PBXBuildFile; fileRef = B28205921B623850003F3481 /* 019_icon.png */; };
		B28206111B623851003F3481 /* 020_icon.png in Resources */ = {isa = PBXBuildFile; fileRef = B28205931B623850003F3481 /* 020_icon.png */; };
		B28206121B623851003F3481 /* 021_icon.png in Resources */ = {isa = PBXBuildFile; fileRef = B28205941B623850003F3481 /* 021_icon.png */; };
		B28206131B623851003F3481 /* 016_icon.png in Resources */ = {isa = PBXBuildFile; fileRef = B28205951B623850003F3481 /* 016_icon.png */; };
		B28206141B623851003F3481 /* 017_icon.png in Resources */ = {isa = PBXBuildFile; fileRef = B28205961B623850003F3481 /* 017_icon.png */; };
		B28206151B623851003F3481 /* 013_icon.png in Resources */ = {isa = PBXBuildFile; fileRef = B28205971B623850003F3481 /* 013_icon.png */; };
		B28206161B623851003F3481 /* 014_icon.png in Resources */ = {isa = PBXBuildFile; fileRef = B28205981B623850003F3481 /* 014_icon.png */; };
		B28206171B623851003F3481 /* 015_icon.png in Resources */ = {isa = PBXBuildFile; fileRef = B28205991B623850003F3481 /* 015_icon.png */; };
		B28206181B623851003F3481 /* 011_icon.png in Resources */ = {isa = PBXBuildFile; fileRef = B282059A1B623850003F3481 /* 011_icon.png */; };
		B28206191B623851003F3481 /* 012_icon.png in Resources */ = {isa = PBXBuildFile; fileRef = B282059B1B623850003F3481 /* 012_icon.png */; };
		B282061A1B623851003F3481 /* 008_icon.png in Resources */ = {isa = PBXBuildFile; fileRef = B282059C1B623850003F3481 /* 008_icon.png */; };
		B282061B1B623851003F3481 /* 009_icon.png in Resources */ = {isa = PBXBuildFile; fileRef = B282059D1B623850003F3481 /* 009_icon.png */; };
		B282061C1B623851003F3481 /* 010_icon.png in Resources */ = {isa = PBXBuildFile; fileRef = B282059E1B623850003F3481 /* 010_icon.png */; };
		B282061D1B623851003F3481 /* 006_icon.png in Resources */ = {isa = PBXBuildFile; fileRef = B282059F1B623850003F3481 /* 006_icon.png */; };
		B282061E1B623851003F3481 /* 007_icon.png in Resources */ = {isa = PBXBuildFile; fileRef = B28205A01B623850003F3481 /* 007_icon.png */; };
		B282061F1B623851003F3481 /* 001_icon.png in Resources */ = {isa = PBXBuildFile; fileRef = B28205A11B623850003F3481 /* 001_icon.png */; };
		B28206201B623851003F3481 /* 002_icon.png in Resources */ = {isa = PBXBuildFile; fileRef = B28205A21B623850003F3481 /* 002_icon.png */; };
		B28206211B623851003F3481 /* 003_icon.png in Resources */ = {isa = PBXBuildFile; fileRef = B28205A31B623850003F3481 /* 003_icon.png */; };
		B28206221B623851003F3481 /* 004_icon.png in Resources */ = {isa = PBXBuildFile; fileRef = B28205A41B623851003F3481 /* 004_icon.png */; };
		B28206231B623851003F3481 /* 005_icon.png in Resources */ = {isa = PBXBuildFile; fileRef = B28205A51B623851003F3481 /* 005_icon.png */; };
		B2FDDF7B1B623BF200CB8735 /* SplashScreenViewController.xib in Resources */ = {isa = PBXBuildFile; fileRef = B2FDDF7A1B623BF200CB8735 /* SplashScreenViewController.xib */; };
		B2FDDF7E1B623C1A00CB8735 /* SplashScreenViewController.m in Sources */ = {isa = PBXBuildFile; fileRef = B2FDDF7D1B623C1A00CB8735 /* SplashScreenViewController.m */; };
		B2FDDF801B65C8D600CB8735 /* MainViewController.xib in Resources */ = {isa = PBXBuildFile; fileRef = B2FDDF7F1B65C8D600CB8735 /* MainViewController.xib */; };
		B2FDDF831B65C8E600CB8735 /* MainViewController.m in Sources */ = {isa = PBXBuildFile; fileRef = B2FDDF811B65C8E600CB8735 /* MainViewController.m */; };
		B2FDDF8A1B65C9A400CB8735 /* PercentageBarUploadingView.m in Sources */ = {isa = PBXBuildFile; fileRef = B2FDDF871B65C9A400CB8735 /* PercentageBarUploadingView.m */; };
		B2FDDF8B1B65C9A400CB8735 /* PercentageBarUploadingView.xib in Resources */ = {isa = PBXBuildFile; fileRef = B2FDDF881B65C9A400CB8735 /* PercentageBarUploadingView.xib */; };
		B2FDDF8E1B65CA4100CB8735 /* MoreAppsViewController.m in Sources */ = {isa = PBXBuildFile; fileRef = B2FDDF8C1B65CA4100CB8735 /* MoreAppsViewController.m */; };
		B2FDDF901B65D40700CB8735 /* icon_placeholder.png in Resources */ = {isa = PBXBuildFile; fileRef = B2FDDF8F1B65D40700CB8735 /* icon_placeholder.png */; };
		B2FDDF921B65D62600CB8735 /* ic_more.png in Resources */ = {isa = PBXBuildFile; fileRef = B2FDDF911B65D62600CB8735 /* ic_more.png */; };
		B2FDDF951B65DD3E00CB8735 /* GuideViewController.m in Sources */ = {isa = PBXBuildFile; fileRef = B2FDDF931B65DD3E00CB8735 /* GuideViewController.m */; };
		B2FDDF971B65DD5F00CB8735 /* GuideViewController.xib in Resources */ = {isa = PBXBuildFile; fileRef = B2FDDF961B65DD5F00CB8735 /* GuideViewController.xib */; };
		B2FDDF9A1B65E2E500CB8735 /* btnRight.png in Resources */ = {isa = PBXBuildFile; fileRef = B2FDDF981B65E2E500CB8735 /* btnRight.png */; };
		B2FDDF9B1B65E2E500CB8735 /* btnLeft.png in Resources */ = {isa = PBXBuildFile; fileRef = B2FDDF991B65E2E500CB8735 /* btnLeft.png */; };
		B2FDDF9E1B65E96E00CB8735 /* StarsBarView.m in Sources */ = {isa = PBXBuildFile; fileRef = B2FDDF9C1B65E96E00CB8735 /* StarsBarView.m */; };
		B2FDDFA01B65EA9A00CB8735 /* star_icon.png in Resources */ = {isa = PBXBuildFile; fileRef = B2FDDF9F1B65EA9A00CB8735 /* star_icon.png */; };
/* End PBXBuildFile section */

/* Begin PBXFileReference section */
		2F5B98292869F8CCF685DAA6 /* libPods-Clay for Kids - 3D.a */ = {isa = PBXFileReference; explicitFileType = archive.ar; includeInIndex = 0; path = "libPods-Clay for Kids - 3D.a"; sourceTree = BUILT_PRODUCTS_DIR; };
		5D71C3374987AA6C313B001E /* Pods-Clay for Kids - 3D.debug.xcconfig */ = {isa = PBXFileReference; includeInIndex = 1; lastKnownFileType = text.xcconfig; name = "Pods-Clay for Kids - 3D.debug.xcconfig"; path = "Pods/Target Support Files/Pods-Clay for Kids - 3D/Pods-Clay for Kids - 3D.debug.xcconfig"; sourceTree = "<group>"; };
		78F195FA3732D6723259FB8E /* Pods-Clay for Kids - 3D.release.xcconfig */ = {isa = PBXFileReference; includeInIndex = 1; lastKnownFileType = text.xcconfig; name = "Pods-Clay for Kids - 3D.release.xcconfig"; path = "Pods/Target Support Files/Pods-Clay for Kids - 3D/Pods-Clay for Kids - 3D.release.xcconfig"; sourceTree = "<group>"; };
		B28204D91B622642003F3481 /* Clay for Kids - 3D.app */ = {isa = PBXFileReference; explicitFileType = wrapper.application; includeInIndex = 0; path = "Clay for Kids - 3D.app"; sourceTree = BUILT_PRODUCTS_DIR; };
		B28204DD1B622642003F3481 /* Info.plist */ = {isa = PBXFileReference; lastKnownFileType = text.plist.xml; path = Info.plist; sourceTree = "<group>"; };
		B28204DE1B622642003F3481 /* main.m */ = {isa = PBXFileReference; lastKnownFileType = sourcecode.c.objc; path = main.m; sourceTree = "<group>"; };
		B28204E01B622642003F3481 /* AppDelegate.h */ = {isa = PBXFileReference; lastKnownFileType = sourcecode.c.h; path = AppDelegate.h; sourceTree = "<group>"; };
		B28204E11B622642003F3481 /* AppDelegate.m */ = {isa = PBXFileReference; lastKnownFileType = sourcecode.c.objc; path = AppDelegate.m; sourceTree = "<group>"; };
		B28204E31B622642003F3481 /* ViewController.h */ = {isa = PBXFileReference; lastKnownFileType = sourcecode.c.h; path = ViewController.h; sourceTree = "<group>"; };
		B28204E41B622642003F3481 /* ViewController.m */ = {isa = PBXFileReference; lastKnownFileType = sourcecode.c.objc; path = ViewController.m; sourceTree = "<group>"; };
		B28204E91B622642003F3481 /* Images.xcassets */ = {isa = PBXFileReference; lastKnownFileType = folder.assetcatalog; path = Images.xcassets; sourceTree = "<group>"; };
		B28204EC1B622642003F3481 /* Base */ = {isa = PBXFileReference; lastKnownFileType = file.xib; name = Base; path = Base.lproj/LaunchScreen.xib; sourceTree = "<group>"; };
		B28205031B622D74003F3481 /* ConfigApp.m */ = {isa = PBXFileReference; fileEncoding = 4; lastKnownFileType = sourcecode.c.objc; name = ConfigApp.m; path = Entry/ConfigApp.m; sourceTree = "<group>"; };
		B28205041B622D74003F3481 /* ConfigApp.h */ = {isa = PBXFileReference; fileEncoding = 4; lastKnownFileType = sourcecode.c.h; name = ConfigApp.h; path = Entry/ConfigApp.h; sourceTree = "<group>"; };
		B28205051B622D74003F3481 /* MoreApp.m */ = {isa = PBXFileReference; fileEncoding = 4; lastKnownFileType = sourcecode.c.objc; name = MoreApp.m; path = Entry/MoreApp.m; sourceTree = "<group>"; };
		B28205061B622D74003F3481 /* MoreApp.h */ = {isa = PBXFileReference; fileEncoding = 4; lastKnownFileType = sourcecode.c.h; name = MoreApp.h; path = Entry/MoreApp.h; sourceTree = "<group>"; };
		B282050B1B622DB9003F3481 /* Constants.h */ = {isa = PBXFileReference; fileEncoding = 4; lastKnownFileType = sourcecode.c.h; name = Constants.h; path = Common/Constants.h; sourceTree = "<group>"; };
		B282050C1B622DB9003F3481 /* Utils.h */ = {isa = PBXFileReference; fileEncoding = 4; lastKnownFileType = sourcecode.c.h; name = Utils.h; path = Common/Utils.h; sourceTree = "<group>"; };
		B282050D1B622DB9003F3481 /* Utils.m */ = {isa = PBXFileReference; fileEncoding = 4; lastKnownFileType = sourcecode.c.objc; name = Utils.m; path = Common/Utils.m; sourceTree = "<group>"; };
		B282050E1B622DB9003F3481 /* ConfigManager.m */ = {isa = PBXFileReference; fileEncoding = 4; lastKnownFileType = sourcecode.c.objc; name = ConfigManager.m; path = Common/ConfigManager.m; sourceTree = "<group>"; };
		B282050F1B622DB9003F3481 /* ConfigManager.h */ = {isa = PBXFileReference; fileEncoding = 4; lastKnownFileType = sourcecode.c.h; name = ConfigManager.h; path = Common/ConfigManager.h; sourceTree = "<group>"; };
		B28205131B622DF8003F3481 /* DownloadManager.m */ = {isa = PBXFileReference; fileEncoding = 4; lastKnownFileType = sourcecode.c.objc; name = DownloadManager.m; path = Proccessing/DownloadManager.m; sourceTree = "<group>"; };
		B28205141B622DF8003F3481 /* SQLiteManager.m */ = {isa = PBXFileReference; fileEncoding = 4; lastKnownFileType = sourcecode.c.objc; name = SQLiteManager.m; path = Proccessing/SQLiteManager.m; sourceTree = "<group>"; };
		B28205151B622DF8003F3481 /* SQLiteManager.h */ = {isa = PBXFileReference; fileEncoding = 4; lastKnownFileType = sourcecode.c.h; name = SQLiteManager.h; path = Proccessing/SQLiteManager.h; sourceTree = "<group>"; };
		B28205161B622DF8003F3481 /* DownloadManager.h */ = {isa = PBXFileReference; fileEncoding = 4; lastKnownFileType = sourcecode.c.h; name = DownloadManager.h; path = Proccessing/DownloadManager.h; sourceTree = "<group>"; };
		B282051A1B622EA4003F3481 /* Clay.h */ = {isa = PBXFileReference; fileEncoding = 4; lastKnownFileType = sourcecode.c.h; name = Clay.h; path = Entry/Clay.h; sourceTree = "<group>"; };
		B282051B1B622EA4003F3481 /* Clay.m */ = {isa = PBXFileReference; fileEncoding = 4; lastKnownFileType = sourcecode.c.objc; name = Clay.m; path = Entry/Clay.m; sourceTree = "<group>"; };
		B282051D1B622EC1003F3481 /* ClayGroup.h */ = {isa = PBXFileReference; fileEncoding = 4; lastKnownFileType = sourcecode.c.h; name = ClayGroup.h; path = Entry/ClayGroup.h; sourceTree = "<group>"; };
		B282051E1B622EC1003F3481 /* ClayGroup.m */ = {isa = PBXFileReference; fileEncoding = 4; lastKnownFileType = sourcecode.c.objc; name = ClayGroup.m; path = Entry/ClayGroup.m; sourceTree = "<group>"; };
		B28205201B622EF4003F3481 /* ClayStep.h */ = {isa = PBXFileReference; fileEncoding = 4; lastKnownFileType = sourcecode.c.h; name = ClayStep.h; path = Entry/ClayStep.h; sourceTree = "<group>"; };
		B28205211B622EF4003F3481 /* ClayStep.m */ = {isa = PBXFileReference; fileEncoding = 4; lastKnownFileType = sourcecode.c.objc; name = ClayStep.m; path = Entry/ClayStep.m; sourceTree = "<group>"; };
		B28205231B623520003F3481 /* libsqlite3.0.dylib */ = {isa = PBXFileReference; lastKnownFileType = "compiled.mach-o.dylib"; name = libsqlite3.0.dylib; path = usr/lib/libsqlite3.0.dylib; sourceTree = SDKROOT; };
		B28205251B62359C003F3481 /* Clay_Everything.sqlite */ = {isa = PBXFileReference; lastKnownFileType = file; name = Clay_Everything.sqlite; path = Resource/DB/Clay_Everything.sqlite; sourceTree = "<group>"; };
		B28205281B623850003F3481 /* 126_icon.png */ = {isa = PBXFileReference; lastKnownFileType = image.png; name = 126_icon.png; path = Resource/Icon/126_icon.png; sourceTree = "<group>"; };
		B28205291B623850003F3481 /* 123_icon.png */ = {isa = PBXFileReference; lastKnownFileType = image.png; name = 123_icon.png; path = Resource/Icon/123_icon.png; sourceTree = "<group>"; };
		B282052A1B623850003F3481 /* 124_icon.png */ = {isa = PBXFileReference; lastKnownFileType = image.png; name = 124_icon.png; path = Resource/Icon/124_icon.png; sourceTree = "<group>"; };
		B282052B1B623850003F3481 /* 125_icon.png */ = {isa = PBXFileReference; lastKnownFileType = image.png; name = 125_icon.png; path = Resource/Icon/125_icon.png; sourceTree = "<group>"; };
		B282052C1B623850003F3481 /* 120_icon.png */ = {isa = PBXFileReference; lastKnownFileType = image.png; name = 120_icon.png; path = Resource/Icon/120_icon.png; sourceTree = "<group>"; };
		B282052D1B623850003F3481 /* 121_icon.png */ = {isa = PBXFileReference; lastKnownFileType = image.png; name = 121_icon.png; path = Resource/Icon/121_icon.png; sourceTree = "<group>"; };
		B282052E1B623850003F3481 /* 122_icon.png */ = {isa = PBXFileReference; lastKnownFileType = image.png; name = 122_icon.png; path = Resource/Icon/122_icon.png; sourceTree = "<group>"; };
		B282052F1B623850003F3481 /* 117_icon.png */ = {isa = PBXFileReference; lastKnownFileType = image.png; name = 117_icon.png; path = Resource/Icon/117_icon.png; sourceTree = "<group>"; };
		B28205301B623850003F3481 /* 118_icon.png */ = {isa = PBXFileReference; lastKnownFileType = image.png; name = 118_icon.png; path = Resource/Icon/118_icon.png; sourceTree = "<group>"; };
		B28205311B623850003F3481 /* 119_icon.png */ = {isa = PBXFileReference; lastKnownFileType = image.png; name = 119_icon.png; path = Resource/Icon/119_icon.png; sourceTree = "<group>"; };
		B28205321B623850003F3481 /* 114_icon.png */ = {isa = PBXFileReference; lastKnownFileType = image.png; name = 114_icon.png; path = Resource/Icon/114_icon.png; sourceTree = "<group>"; };
		B28205331B623850003F3481 /* 115_icon.png */ = {isa = PBXFileReference; lastKnownFileType = image.png; name = 115_icon.png; path = Resource/Icon/115_icon.png; sourceTree = "<group>"; };
		B28205341B623850003F3481 /* 116_icon.png */ = {isa = PBXFileReference; lastKnownFileType = image.png; name = 116_icon.png; path = Resource/Icon/116_icon.png; sourceTree = "<group>"; };
		B28205351B623850003F3481 /* 111_icon.png */ = {isa = PBXFileReference; lastKnownFileType = image.png; name = 111_icon.png; path = Resource/Icon/111_icon.png; sourceTree = "<group>"; };
		B28205361B623850003F3481 /* 112_icon.png */ = {isa = PBXFileReference; lastKnownFileType = image.png; name = 112_icon.png; path = Resource/Icon/112_icon.png; sourceTree = "<group>"; };
		B28205371B623850003F3481 /* 113_icon.png */ = {isa = PBXFileReference; lastKnownFileType = image.png; name = 113_icon.png; path = Resource/Icon/113_icon.png; sourceTree = "<group>"; };
		B28205381B623850003F3481 /* 108_icon.png */ = {isa = PBXFileReference; lastKnownFileType = image.png; name = 108_icon.png; path = Resource/Icon/108_icon.png; sourceTree = "<group>"; };
		B28205391B623850003F3481 /* 109_icon.png */ = {isa = PBXFileReference; lastKnownFileType = image.png; name = 109_icon.png; path = Resource/Icon/109_icon.png; sourceTree = "<group>"; };
		B282053A1B623850003F3481 /* 110_icon.png */ = {isa = PBXFileReference; lastKnownFileType = image.png; name = 110_icon.png; path = Resource/Icon/110_icon.png; sourceTree = "<group>"; };
		B282053B1B623850003F3481 /* 105_icon.png */ = {isa = PBXFileReference; lastKnownFileType = image.png; name = 105_icon.png; path = Resource/Icon/105_icon.png; sourceTree = "<group>"; };
		B282053C1B623850003F3481 /* 106_icon.png */ = {isa = PBXFileReference; lastKnownFileType = image.png; name = 106_icon.png; path = Resource/Icon/106_icon.png; sourceTree = "<group>"; };
		B282053D1B623850003F3481 /* 107_icon.png */ = {isa = PBXFileReference; lastKnownFileType = image.png; name = 107_icon.png; path = Resource/Icon/107_icon.png; sourceTree = "<group>"; };
		B282053E1B623850003F3481 /* 103_icon.png */ = {isa = PBXFileReference; lastKnownFileType = image.png; name = 103_icon.png; path = Resource/Icon/103_icon.png; sourceTree = "<group>"; };
		B282053F1B623850003F3481 /* 104_icon.png */ = {isa = PBXFileReference; lastKnownFileType = image.png; name = 104_icon.png; path = Resource/Icon/104_icon.png; sourceTree = "<group>"; };
		B28205401B623850003F3481 /* 100_icon.png */ = {isa = PBXFileReference; lastKnownFileType = image.png; name = 100_icon.png; path = Resource/Icon/100_icon.png; sourceTree = "<group>"; };
		B28205411B623850003F3481 /* 101_icon.png */ = {isa = PBXFileReference; lastKnownFileType = image.png; name = 101_icon.png; path = Resource/Icon/101_icon.png; sourceTree = "<group>"; };
		B28205421B623850003F3481 /* 102_icon.png */ = {isa = PBXFileReference; lastKnownFileType = image.png; name = 102_icon.png; path = Resource/Icon/102_icon.png; sourceTree = "<group>"; };
		B28205431B623850003F3481 /* 097_icon.png */ = {isa = PBXFileReference; lastKnownFileType = image.png; name = 097_icon.png; path = Resource/Icon/097_icon.png; sourceTree = "<group>"; };
		B28205441B623850003F3481 /* 098_icon.png */ = {isa = PBXFileReference; lastKnownFileType = image.png; name = 098_icon.png; path = Resource/Icon/098_icon.png; sourceTree = "<group>"; };
		B28205451B623850003F3481 /* 099_icon.png */ = {isa = PBXFileReference; lastKnownFileType = image.png; name = 099_icon.png; path = Resource/Icon/099_icon.png; sourceTree = "<group>"; };
		B28205461B623850003F3481 /* 094_icon.png */ = {isa = PBXFileReference; lastKnownFileType = image.png; name = 094_icon.png; path = Resource/Icon/094_icon.png; sourceTree = "<group>"; };
		B28205471B623850003F3481 /* 095_icon.png */ = {isa = PBXFileReference; lastKnownFileType = image.png; name = 095_icon.png; path = Resource/Icon/095_icon.png; sourceTree = "<group>"; };
		B28205481B623850003F3481 /* 096_icon.png */ = {isa = PBXFileReference; lastKnownFileType = image.png; name = 096_icon.png; path = Resource/Icon/096_icon.png; sourceTree = "<group>"; };
		B28205491B623850003F3481 /* 090_icon.png */ = {isa = PBXFileReference; lastKnownFileType = image.png; name = 090_icon.png; path = Resource/Icon/090_icon.png; sourceTree = "<group>"; };
		B282054A1B623850003F3481 /* 091_icon.png */ = {isa = PBXFileReference; lastKnownFileType = image.png; name = 091_icon.png; path = Resource/Icon/091_icon.png; sourceTree = "<group>"; };
		B282054B1B623850003F3481 /* 092_icon.png */ = {isa = PBXFileReference; lastKnownFileType = image.png; name = 092_icon.png; path = Resource/Icon/092_icon.png; sourceTree = "<group>"; };
		B282054C1B623850003F3481 /* 093_icon.png */ = {isa = PBXFileReference; lastKnownFileType = image.png; name = 093_icon.png; path = Resource/Icon/093_icon.png; sourceTree = "<group>"; };
		B282054D1B623850003F3481 /* 087_icon.png */ = {isa = PBXFileReference; lastKnownFileType = image.png; name = 087_icon.png; path = Resource/Icon/087_icon.png; sourceTree = "<group>"; };
		B282054E1B623850003F3481 /* 088_icon.png */ = {isa = PBXFileReference; lastKnownFileType = image.png; name = 088_icon.png; path = Resource/Icon/088_icon.png; sourceTree = "<group>"; };
		B282054F1B623850003F3481 /* 089_icon.png */ = {isa = PBXFileReference; lastKnownFileType = image.png; name = 089_icon.png; path = Resource/Icon/089_icon.png; sourceTree = "<group>"; };
		B28205501B623850003F3481 /* 085_icon.png */ = {isa = PBXFileReference; lastKnownFileType = image.png; name = 085_icon.png; path = Resource/Icon/085_icon.png; sourceTree = "<group>"; };
		B28205511B623850003F3481 /* 086_icon.png */ = {isa = PBXFileReference; lastKnownFileType = image.png; name = 086_icon.png; path = Resource/Icon/086_icon.png; sourceTree = "<group>"; };
		B28205521B623850003F3481 /* 082_icon.png */ = {isa = PBXFileReference; lastKnownFileType = image.png; name = 082_icon.png; path = Resource/Icon/082_icon.png; sourceTree = "<group>"; };
		B28205531B623850003F3481 /* 083_icon.png */ = {isa = PBXFileReference; lastKnownFileType = image.png; name = 083_icon.png; path = Resource/Icon/083_icon.png; sourceTree = "<group>"; };
		B28205541B623850003F3481 /* 084_icon.png */ = {isa = PBXFileReference; lastKnownFileType = image.png; name = 084_icon.png; path = Resource/Icon/084_icon.png; sourceTree = "<group>"; };
		B28205551B623850003F3481 /* 078_icon.png */ = {isa = PBXFileReference; lastKnownFileType = image.png; name = 078_icon.png; path = Resource/Icon/078_icon.png; sourceTree = "<group>"; };
		B28205561B623850003F3481 /* 079_icon.png */ = {isa = PBXFileReference; lastKnownFileType = image.png; name = 079_icon.png; path = Resource/Icon/079_icon.png; sourceTree = "<group>"; };
		B28205571B623850003F3481 /* 080_icon.png */ = {isa = PBXFileReference; lastKnownFileType = image.png; name = 080_icon.png; path = Resource/Icon/080_icon.png; sourceTree = "<group>"; };
		B28205581B623850003F3481 /* 081_icon.png */ = {isa = PBXFileReference; lastKnownFileType = image.png; name = 081_icon.png; path = Resource/Icon/081_icon.png; sourceTree = "<group>"; };
		B28205591B623850003F3481 /* 073_icon.png */ = {isa = PBXFileReference; lastKnownFileType = image.png; name = 073_icon.png; path = Resource/Icon/073_icon.png; sourceTree = "<group>"; };
		B282055A1B623850003F3481 /* 074_icon.png */ = {isa = PBXFileReference; lastKnownFileType = image.png; name = 074_icon.png; path = Resource/Icon/074_icon.png; sourceTree = "<group>"; };
		B282055B1B623850003F3481 /* 075_icon.png */ = {isa = PBXFileReference; lastKnownFileType = image.png; name = 075_icon.png; path = Resource/Icon/075_icon.png; sourceTree = "<group>"; };
		B282055C1B623850003F3481 /* 076_icon.png */ = {isa = PBXFileReference; lastKnownFileType = image.png; name = 076_icon.png; path = Resource/Icon/076_icon.png; sourceTree = "<group>"; };
		B282055D1B623850003F3481 /* 077_icon.png */ = {isa = PBXFileReference; lastKnownFileType = image.png; name = 077_icon.png; path = Resource/Icon/077_icon.png; sourceTree = "<group>"; };
		B282055E1B623850003F3481 /* 068_icon.png */ = {isa = PBXFileReference; lastKnownFileType = image.png; name = 068_icon.png; path = Resource/Icon/068_icon.png; sourceTree = "<group>"; };
		B282055F1B623850003F3481 /* 069_icon.png */ = {isa = PBXFileReference; lastKnownFileType = image.png; name = 069_icon.png; path = Resource/Icon/069_icon.png; sourceTree = "<group>"; };
		B28205601B623850003F3481 /* 070_icon.png */ = {isa = PBXFileReference; lastKnownFileType = image.png; name = 070_icon.png; path = Resource/Icon/070_icon.png; sourceTree = "<group>"; };
		B28205611B623850003F3481 /* 071_icon.png */ = {isa = PBXFileReference; lastKnownFileType = image.png; name = 071_icon.png; path = Resource/Icon/071_icon.png; sourceTree = "<group>"; };
		B28205621B623850003F3481 /* 072_icon.png */ = {isa = PBXFileReference; lastKnownFileType = image.png; name = 072_icon.png; path = Resource/Icon/072_icon.png; sourceTree = "<group>"; };
		B28205631B623850003F3481 /* 064_icon.png */ = {isa = PBXFileReference; lastKnownFileType = image.png; name = 064_icon.png; path = Resource/Icon/064_icon.png; sourceTree = "<group>"; };
		B28205641B623850003F3481 /* 065_icon.png */ = {isa = PBXFileReference; lastKnownFileType = image.png; name = 065_icon.png; path = Resource/Icon/065_icon.png; sourceTree = "<group>"; };
		B28205651B623850003F3481 /* 066_icon.png */ = {isa = PBXFileReference; lastKnownFileType = image.png; name = 066_icon.png; path = Resource/Icon/066_icon.png; sourceTree = "<group>"; };
		B28205661B623850003F3481 /* 067_icon.png */ = {isa = PBXFileReference; lastKnownFileType = image.png; name = 067_icon.png; path = Resource/Icon/067_icon.png; sourceTree = "<group>"; };
		B28205671B623850003F3481 /* 059_icon.png */ = {isa = PBXFileReference; lastKnownFileType = image.png; name = 059_icon.png; path = Resource/Icon/059_icon.png; sourceTree = "<group>"; };
		B28205681B623850003F3481 /* 060_icon.png */ = {isa = PBXFileReference; lastKnownFileType = image.png; name = 060_icon.png; path = Resource/Icon/060_icon.png; sourceTree = "<group>"; };
		B28205691B623850003F3481 /* 061_icon.png */ = {isa = PBXFileReference; lastKnownFileType = image.png; name = 061_icon.png; path = Resource/Icon/061_icon.png; sourceTree = "<group>"; };
		B282056A1B623850003F3481 /* 062_icon.png */ = {isa = PBXFileReference; lastKnownFileType = image.png; name = 062_icon.png; path = Resource/Icon/062_icon.png; sourceTree = "<group>"; };
		B282056B1B623850003F3481 /* 063_icon.png */ = {isa = PBXFileReference; lastKnownFileType = image.png; name = 063_icon.png; path = Resource/Icon/063_icon.png; sourceTree = "<group>"; };
		B282056C1B623850003F3481 /* 054_icon.png */ = {isa = PBXFileReference; lastKnownFileType = image.png; name = 054_icon.png; path = Resource/Icon/054_icon.png; sourceTree = "<group>"; };
		B282056D1B623850003F3481 /* 055_icon.png */ = {isa = PBXFileReference; lastKnownFileType = image.png; name = 055_icon.png; path = Resource/Icon/055_icon.png; sourceTree = "<group>"; };
		B282056E1B623850003F3481 /* 056_icon.png */ = {isa = PBXFileReference; lastKnownFileType = image.png; name = 056_icon.png; path = Resource/Icon/056_icon.png; sourceTree = "<group>"; };
		B282056F1B623850003F3481 /* 057_icon.png */ = {isa = PBXFileReference; lastKnownFileType = image.png; name = 057_icon.png; path = Resource/Icon/057_icon.png; sourceTree = "<group>"; };
		B28205701B623850003F3481 /* 058_icon.png */ = {isa = PBXFileReference; lastKnownFileType = image.png; name = 058_icon.png; path = Resource/Icon/058_icon.png; sourceTree = "<group>"; };
		B28205711B623850003F3481 /* 052_icon.png */ = {isa = PBXFileReference; lastKnownFileType = image.png; name = 052_icon.png; path = Resource/Icon/052_icon.png; sourceTree = "<group>"; };
		B28205721B623850003F3481 /* 053_icon.png */ = {isa = PBXFileReference; lastKnownFileType = image.png; name = 053_icon.png; path = Resource/Icon/053_icon.png; sourceTree = "<group>"; };
		B28205731B623850003F3481 /* 049_icon.png */ = {isa = PBXFileReference; lastKnownFileType = image.png; name = 049_icon.png; path = Resource/Icon/049_icon.png; sourceTree = "<group>"; };
		B28205741B623850003F3481 /* 050_icon.png */ = {isa = PBXFileReference; lastKnownFileType = image.png; name = 050_icon.png; path = Resource/Icon/050_icon.png; sourceTree = "<group>"; };
		B28205751B623850003F3481 /* 051_icon.png */ = {isa = PBXFileReference; lastKnownFileType = image.png; name = 051_icon.png; path = Resource/Icon/051_icon.png; sourceTree = "<group>"; };
		B28205761B623850003F3481 /* 047_icon.png */ = {isa = PBXFileReference; lastKnownFileType = image.png; name = 047_icon.png; path = Resource/Icon/047_icon.png; sourceTree = "<group>"; };
		B28205771B623850003F3481 /* 048_icon.png */ = {isa = PBXFileReference; lastKnownFileType = image.png; name = 048_icon.png; path = Resource/Icon/048_icon.png; sourceTree = "<group>"; };
		B28205781B623850003F3481 /* 045_icon.png */ = {isa = PBXFileReference; lastKnownFileType = image.png; name = 045_icon.png; path = Resource/Icon/045_icon.png; sourceTree = "<group>"; };
		B28205791B623850003F3481 /* 046_icon.png */ = {isa = PBXFileReference; lastKnownFileType = image.png; name = 046_icon.png; path = Resource/Icon/046_icon.png; sourceTree = "<group>"; };
		B282057A1B623850003F3481 /* 043_icon.png */ = {isa = PBXFileReference; lastKnownFileType = image.png; name = 043_icon.png; path = Resource/Icon/043_icon.png; sourceTree = "<group>"; };
		B282057B1B623850003F3481 /* 044_icon.png */ = {isa = PBXFileReference; lastKnownFileType = image.png; name = 044_icon.png; path = Resource/Icon/044_icon.png; sourceTree = "<group>"; };
		B282057C1B623850003F3481 /* 041_icon.png */ = {isa = PBXFileReference; lastKnownFileType = image.png; name = 041_icon.png; path = Resource/Icon/041_icon.png; sourceTree = "<group>"; };
		B282057D1B623850003F3481 /* 042_icon.png */ = {isa = PBXFileReference; lastKnownFileType = image.png; name = 042_icon.png; path = Resource/Icon/042_icon.png; sourceTree = "<group>"; };
		B282057E1B623850003F3481 /* 039_icon.png */ = {isa = PBXFileReference; lastKnownFileType = image.png; name = 039_icon.png; path = Resource/Icon/039_icon.png; sourceTree = "<group>"; };
		B282057F1B623850003F3481 /* 040_icon.png */ = {isa = PBXFileReference; lastKnownFileType = image.png; name = 040_icon.png; path = Resource/Icon/040_icon.png; sourceTree = "<group>"; };
		B28205801B623850003F3481 /* 035_icon.png */ = {isa = PBXFileReference; lastKnownFileType = image.png; name = 035_icon.png; path = Resource/Icon/035_icon.png; sourceTree = "<group>"; };
		B28205811B623850003F3481 /* 036_icon.png */ = {isa = PBXFileReference; lastKnownFileType = image.png; name = 036_icon.png; path = Resource/Icon/036_icon.png; sourceTree = "<group>"; };
		B28205821B623850003F3481 /* 037_icon.png */ = {isa = PBXFileReference; lastKnownFileType = image.png; name = 037_icon.png; path = Resource/Icon/037_icon.png; sourceTree = "<group>"; };
		B28205831B623850003F3481 /* 038_icon.png */ = {isa = PBXFileReference; lastKnownFileType = image.png; name = 038_icon.png; path = Resource/Icon/038_icon.png; sourceTree = "<group>"; };
		B28205841B623850003F3481 /* 030_icon.png */ = {isa = PBXFileReference; lastKnownFileType = image.png; name = 030_icon.png; path = Resource/Icon/030_icon.png; sourceTree = "<group>"; };
		B28205851B623850003F3481 /* 031_icon.png */ = {isa = PBXFileReference; lastKnownFileType = image.png; name = 031_icon.png; path = Resource/Icon/031_icon.png; sourceTree = "<group>"; };
		B28205861B623850003F3481 /* 032_icon.png */ = {isa = PBXFileReference; lastKnownFileType = image.png; name = 032_icon.png; path = Resource/Icon/032_icon.png; sourceTree = "<group>"; };
		B28205871B623850003F3481 /* 033_icon.png */ = {isa = PBXFileReference; lastKnownFileType = image.png; name = 033_icon.png; path = Resource/Icon/033_icon.png; sourceTree = "<group>"; };
		B28205881B623850003F3481 /* 034_icon.png */ = {isa = PBXFileReference; lastKnownFileType = image.png; name = 034_icon.png; path = Resource/Icon/034_icon.png; sourceTree = "<group>"; };
		B28205891B623850003F3481 /* 027_icon.png */ = {isa = PBXFileReference; lastKnownFileType = image.png; name = 027_icon.png; path = Resource/Icon/027_icon.png; sourceTree = "<group>"; };
		B282058A1B623850003F3481 /* 028_icon.png */ = {isa = PBXFileReference; lastKnownFileType = image.png; name = 028_icon.png; path = Resource/Icon/028_icon.png; sourceTree = "<group>"; };
		B282058B1B623850003F3481 /* 029_icon.png */ = {isa = PBXFileReference; lastKnownFileType = image.png; name = 029_icon.png; path = Resource/Icon/029_icon.png; sourceTree = "<group>"; };
		B282058C1B623850003F3481 /* 024_icon.png */ = {isa = PBXFileReference; lastKnownFileType = image.png; name = 024_icon.png; path = Resource/Icon/024_icon.png; sourceTree = "<group>"; };
		B282058D1B623850003F3481 /* 025_icon.png */ = {isa = PBXFileReference; lastKnownFileType = image.png; name = 025_icon.png; path = Resource/Icon/025_icon.png; sourceTree = "<group>"; };
		B282058E1B623850003F3481 /* 026_icon.png */ = {isa = PBXFileReference; lastKnownFileType = image.png; name = 026_icon.png; path = Resource/Icon/026_icon.png; sourceTree = "<group>"; };
		B282058F1B623850003F3481 /* 022_icon.png */ = {isa = PBXFileReference; lastKnownFileType = image.png; name = 022_icon.png; path = Resource/Icon/022_icon.png; sourceTree = "<group>"; };
		B28205901B623850003F3481 /* 023_icon.png */ = {isa = PBXFileReference; lastKnownFileType = image.png; name = 023_icon.png; path = Resource/Icon/023_icon.png; sourceTree = "<group>"; };
		B28205911B623850003F3481 /* 018_icon.png */ = {isa = PBXFileReference; lastKnownFileType = image.png; name = 018_icon.png; path = Resource/Icon/018_icon.png; sourceTree = "<group>"; };
		B28205921B623850003F3481 /* 019_icon.png */ = {isa = PBXFileReference; lastKnownFileType = image.png; name = 019_icon.png; path = Resource/Icon/019_icon.png; sourceTree = "<group>"; };
		B28205931B623850003F3481 /* 020_icon.png */ = {isa = PBXFileReference; lastKnownFileType = image.png; name = 020_icon.png; path = Resource/Icon/020_icon.png; sourceTree = "<group>"; };
		B28205941B623850003F3481 /* 021_icon.png */ = {isa = PBXFileReference; lastKnownFileType = image.png; name = 021_icon.png; path = Resource/Icon/021_icon.png; sourceTree = "<group>"; };
		B28205951B623850003F3481 /* 016_icon.png */ = {isa = PBXFileReference; lastKnownFileType = image.png; name = 016_icon.png; path = Resource/Icon/016_icon.png; sourceTree = "<group>"; };
		B28205961B623850003F3481 /* 017_icon.png */ = {isa = PBXFileReference; lastKnownFileType = image.png; name = 017_icon.png; path = Resource/Icon/017_icon.png; sourceTree = "<group>"; };
		B28205971B623850003F3481 /* 013_icon.png */ = {isa = PBXFileReference; lastKnownFileType = image.png; name = 013_icon.png; path = Resource/Icon/013_icon.png; sourceTree = "<group>"; };
		B28205981B623850003F3481 /* 014_icon.png */ = {isa = PBXFileReference; lastKnownFileType = image.png; name = 014_icon.png; path = Resource/Icon/014_icon.png; sourceTree = "<group>"; };
		B28205991B623850003F3481 /* 015_icon.png */ = {isa = PBXFileReference; lastKnownFileType = image.png; name = 015_icon.png; path = Resource/Icon/015_icon.png; sourceTree = "<group>"; };
		B282059A1B623850003F3481 /* 011_icon.png */ = {isa = PBXFileReference; lastKnownFileType = image.png; name = 011_icon.png; path = Resource/Icon/011_icon.png; sourceTree = "<group>"; };
		B282059B1B623850003F3481 /* 012_icon.png */ = {isa = PBXFileReference; lastKnownFileType = image.png; name = 012_icon.png; path = Resource/Icon/012_icon.png; sourceTree = "<group>"; };
		B282059C1B623850003F3481 /* 008_icon.png */ = {isa = PBXFileReference; lastKnownFileType = image.png; name = 008_icon.png; path = Resource/Icon/008_icon.png; sourceTree = "<group>"; };
		B282059D1B623850003F3481 /* 009_icon.png */ = {isa = PBXFileReference; lastKnownFileType = image.png; name = 009_icon.png; path = Resource/Icon/009_icon.png; sourceTree = "<group>"; };
		B282059E1B623850003F3481 /* 010_icon.png */ = {isa = PBXFileReference; lastKnownFileType = image.png; name = 010_icon.png; path = Resource/Icon/010_icon.png; sourceTree = "<group>"; };
		B282059F1B623850003F3481 /* 006_icon.png */ = {isa = PBXFileReference; lastKnownFileType = image.png; name = 006_icon.png; path = Resource/Icon/006_icon.png; sourceTree = "<group>"; };
		B28205A01B623850003F3481 /* 007_icon.png */ = {isa = PBXFileReference; lastKnownFileType = image.png; name = 007_icon.png; path = Resource/Icon/007_icon.png; sourceTree = "<group>"; };
		B28205A11B623850003F3481 /* 001_icon.png */ = {isa = PBXFileReference; lastKnownFileType = image.png; name = 001_icon.png; path = Resource/Icon/001_icon.png; sourceTree = "<group>"; };
		B28205A21B623850003F3481 /* 002_icon.png */ = {isa = PBXFileReference; lastKnownFileType = image.png; name = 002_icon.png; path = Resource/Icon/002_icon.png; sourceTree = "<group>"; };
		B28205A31B623850003F3481 /* 003_icon.png */ = {isa = PBXFileReference; lastKnownFileType = image.png; name = 003_icon.png; path = Resource/Icon/003_icon.png; sourceTree = "<group>"; };
		B28205A41B623851003F3481 /* 004_icon.png */ = {isa = PBXFileReference; lastKnownFileType = image.png; name = 004_icon.png; path = Resource/Icon/004_icon.png; sourceTree = "<group>"; };
		B28205A51B623851003F3481 /* 005_icon.png */ = {isa = PBXFileReference; lastKnownFileType = image.png; name = 005_icon.png; path = Resource/Icon/005_icon.png; sourceTree = "<group>"; };
		B2FDDF7A1B623BF200CB8735 /* SplashScreenViewController.xib */ = {isa = PBXFileReference; fileEncoding = 4; lastKnownFileType = file.xib; name = SplashScreenViewController.xib; path = Xib/SplashScreenViewController.xib; sourceTree = "<group>"; };
		B2FDDF7C1B623C1A00CB8735 /* SplashScreenViewController.h */ = {isa = PBXFileReference; fileEncoding = 4; lastKnownFileType = sourcecode.c.h; path = SplashScreenViewController.h; sourceTree = "<group>"; };
		B2FDDF7D1B623C1A00CB8735 /* SplashScreenViewController.m */ = {isa = PBXFileReference; fileEncoding = 4; lastKnownFileType = sourcecode.c.objc; path = SplashScreenViewController.m; sourceTree = "<group>"; };
		B2FDDF7F1B65C8D600CB8735 /* MainViewController.xib */ = {isa = PBXFileReference; fileEncoding = 4; lastKnownFileType = file.xib; name = MainViewController.xib; path = Xib/MainViewController.xib; sourceTree = "<group>"; };
		B2FDDF811B65C8E600CB8735 /* MainViewController.m */ = {isa = PBXFileReference; fileEncoding = 4; lastKnownFileType = sourcecode.c.objc; path = MainViewController.m; sourceTree = "<group>"; };
		B2FDDF821B65C8E600CB8735 /* MainViewController.h */ = {isa = PBXFileReference; fileEncoding = 4; lastKnownFileType = sourcecode.c.h; path = MainViewController.h; sourceTree = "<group>"; };
		B2FDDF871B65C9A400CB8735 /* PercentageBarUploadingView.m */ = {isa = PBXFileReference; fileEncoding = 4; lastKnownFileType = sourcecode.c.objc; name = PercentageBarUploadingView.m; path = View/PercentageBarUploadingView/PercentageBarUploadingView.m; sourceTree = "<group>"; };
		B2FDDF881B65C9A400CB8735 /* PercentageBarUploadingView.xib */ = {isa = PBXFileReference; fileEncoding = 4; lastKnownFileType = file.xib; name = PercentageBarUploadingView.xib; path = View/PercentageBarUploadingView/PercentageBarUploadingView.xib; sourceTree = "<group>"; };
		B2FDDF891B65C9A400CB8735 /* PercentageBarUploadingView.h */ = {isa = PBXFileReference; fileEncoding = 4; lastKnownFileType = sourcecode.c.h; name = PercentageBarUploadingView.h; path = View/PercentageBarUploadingView/PercentageBarUploadingView.h; sourceTree = "<group>"; };
		B2FDDF8C1B65CA4100CB8735 /* MoreAppsViewController.m */ = {isa = PBXFileReference; fileEncoding = 4; lastKnownFileType = sourcecode.c.objc; path = MoreAppsViewController.m; sourceTree = "<group>"; };
		B2FDDF8D1B65CA4100CB8735 /* MoreAppsViewController.h */ = {isa = PBXFileReference; fileEncoding = 4; lastKnownFileType = sourcecode.c.h; path = MoreAppsViewController.h; sourceTree = "<group>"; };
		B2FDDF8F1B65D40700CB8735 /* icon_placeholder.png */ = {isa = PBXFileReference; lastKnownFileType = image.png; name = icon_placeholder.png; path = Resource/Icon/icon_placeholder.png; sourceTree = "<group>"; };
		B2FDDF911B65D62600CB8735 /* ic_more.png */ = {isa = PBXFileReference; lastKnownFileType = image.png; name = ic_more.png; path = Resource/Icon/ic_more.png; sourceTree = "<group>"; };
		B2FDDF931B65DD3E00CB8735 /* GuideViewController.m */ = {isa = PBXFileReference; fileEncoding = 4; lastKnownFileType = sourcecode.c.objc; path = GuideViewController.m; sourceTree = "<group>"; };
		B2FDDF941B65DD3E00CB8735 /* GuideViewController.h */ = {isa = PBXFileReference; fileEncoding = 4; lastKnownFileType = sourcecode.c.h; path = GuideViewController.h; sourceTree = "<group>"; };
		B2FDDF961B65DD5F00CB8735 /* GuideViewController.xib */ = {isa = PBXFileReference; fileEncoding = 4; lastKnownFileType = file.xib; name = GuideViewController.xib; path = Xib/GuideViewController.xib; sourceTree = "<group>"; };
		B2FDDF981B65E2E500CB8735 /* btnRight.png */ = {isa = PBXFileReference; lastKnownFileType = image.png; name = btnRight.png; path = Resource/Icon/btnRight.png; sourceTree = "<group>"; };
		B2FDDF991B65E2E500CB8735 /* btnLeft.png */ = {isa = PBXFileReference; lastKnownFileType = image.png; name = btnLeft.png; path = Resource/Icon/btnLeft.png; sourceTree = "<group>"; };
		B2FDDF9C1B65E96E00CB8735 /* StarsBarView.m */ = {isa = PBXFileReference; fileEncoding = 4; lastKnownFileType = sourcecode.c.objc; name = StarsBarView.m; path = View/BricksBarView/StarsBarView.m; sourceTree = "<group>"; };
		B2FDDF9D1B65E96E00CB8735 /* StarsBarView.h */ = {isa = PBXFileReference; fileEncoding = 4; lastKnownFileType = sourcecode.c.h; name = StarsBarView.h; path = View/BricksBarView/StarsBarView.h; sourceTree = "<group>"; };
		B2FDDF9F1B65EA9A00CB8735 /* star_icon.png */ = {isa = PBXFileReference; lastKnownFileType = image.png; name = star_icon.png; path = Resource/Icon/star_icon.png; sourceTree = "<group>"; };
/* End PBXFileReference section */

/* Begin PBXFrameworksBuildPhase section */
		B28204D61B622642003F3481 /* Frameworks */ = {
			isa = PBXFrameworksBuildPhase;
			buildActionMask = 2147483647;
			files = (
				B28205241B623520003F3481 /* libsqlite3.0.dylib in Frameworks */,
				2548A4AE139A8F21B516B02E /* libPods-Clay for Kids - 3D.a in Frameworks */,
			);
			runOnlyForDeploymentPostprocessing = 0;
		};
/* End PBXFrameworksBuildPhase section */

/* Begin PBXGroup section */
		574B812072A7C81B85B96D62 /* Pods */ = {
			isa = PBXGroup;
			children = (
				5D71C3374987AA6C313B001E /* Pods-Clay for Kids - 3D.debug.xcconfig */,
				78F195FA3732D6723259FB8E /* Pods-Clay for Kids - 3D.release.xcconfig */,
			);
			name = Pods;
			sourceTree = "<group>";
		};
		858494965594CE9991F5E6E2 /* Frameworks */ = {
			isa = PBXGroup;
			children = (
				B28205231B623520003F3481 /* libsqlite3.0.dylib */,
				2F5B98292869F8CCF685DAA6 /* libPods-Clay for Kids - 3D.a */,
			);
			name = Frameworks;
			sourceTree = "<group>";
		};
		B28204D01B622642003F3481 = {
			isa = PBXGroup;
			children = (
				B28204DB1B622642003F3481 /* Clay for Kids - 3D */,
				B28204DA1B622642003F3481 /* Products */,
				574B812072A7C81B85B96D62 /* Pods */,
				858494965594CE9991F5E6E2 /* Frameworks */,
			);
			sourceTree = "<group>";
		};
		B28204DA1B622642003F3481 /* Products */ = {
			isa = PBXGroup;
			children = (
				B28204D91B622642003F3481 /* Clay for Kids - 3D.app */,
			);
			name = Products;
			sourceTree = "<group>";
		};
		B28204DB1B622642003F3481 /* Clay for Kids - 3D */ = {
			isa = PBXGroup;
			children = (
				B2FDDF841B65C97500CB8735 /* View */,
				B2FDDF791B623BB700CB8735 /* Xib */,
				B28205121B622DEA003F3481 /* Proccessing */,
				B282050A1B622D8F003F3481 /* Common */,
				B28205091B622D7D003F3481 /* ViewControllers */,
				B28205021B622D5A003F3481 /* Entry */,
				B28204E01B622642003F3481 /* AppDelegate.h */,
				B28204E11B622642003F3481 /* AppDelegate.m */,
				B28204E91B622642003F3481 /* Images.xcassets */,
				B28204EB1B622642003F3481 /* LaunchScreen.xib */,
				B28204DC1B622642003F3481 /* Supporting Files */,
			);
			path = "Clay for Kids - 3D";
			sourceTree = "<group>";
		};
		B28204DC1B622642003F3481 /* Supporting Files */ = {
			isa = PBXGroup;
			children = (
				B28205271B623817003F3481 /* Icon */,
				B28205191B622E5B003F3481 /* DB */,
				B28204DD1B622642003F3481 /* Info.plist */,
				B28204DE1B622642003F3481 /* main.m */,
			);
			name = "Supporting Files";
			sourceTree = "<group>";
		};
		B28205021B622D5A003F3481 /* Entry */ = {
			isa = PBXGroup;
			children = (
				B28205031B622D74003F3481 /* ConfigApp.m */,
				B28205041B622D74003F3481 /* ConfigApp.h */,
				B28205051B622D74003F3481 /* MoreApp.m */,
				B28205061B622D74003F3481 /* MoreApp.h */,
				B282051A1B622EA4003F3481 /* Clay.h */,
				B282051B1B622EA4003F3481 /* Clay.m */,
				B282051D1B622EC1003F3481 /* ClayGroup.h */,
				B282051E1B622EC1003F3481 /* ClayGroup.m */,
				B28205201B622EF4003F3481 /* ClayStep.h */,
				B28205211B622EF4003F3481 /* ClayStep.m */,
			);
			name = Entry;
			sourceTree = "<group>";
		};
		B28205091B622D7D003F3481 /* ViewControllers */ = {
			isa = PBXGroup;
			children = (
				B2FDDF941B65DD3E00CB8735 /* GuideViewController.h */,
				B2FDDF931B65DD3E00CB8735 /* GuideViewController.m */,
				B2FDDF8D1B65CA4100CB8735 /* MoreAppsViewController.h */,
				B2FDDF8C1B65CA4100CB8735 /* MoreAppsViewController.m */,
				B2FDDF821B65C8E600CB8735 /* MainViewController.h */,
				B2FDDF811B65C8E600CB8735 /* MainViewController.m */,
				B2FDDF7C1B623C1A00CB8735 /* SplashScreenViewController.h */,
				B2FDDF7D1B623C1A00CB8735 /* SplashScreenViewController.m */,
				B28204E31B622642003F3481 /* ViewController.h */,
				B28204E41B622642003F3481 /* ViewController.m */,
			);
			name = ViewControllers;
			sourceTree = "<group>";
		};
		B282050A1B622D8F003F3481 /* Common */ = {
			isa = PBXGroup;
			children = (
				B282050B1B622DB9003F3481 /* Constants.h */,
				B282050C1B622DB9003F3481 /* Utils.h */,
				B282050D1B622DB9003F3481 /* Utils.m */,
				B282050F1B622DB9003F3481 /* ConfigManager.h */,
				B282050E1B622DB9003F3481 /* ConfigManager.m */,
			);
			name = Common;
			sourceTree = "<group>";
		};
		B28205121B622DEA003F3481 /* Proccessing */ = {
			isa = PBXGroup;
			children = (
				B28205151B622DF8003F3481 /* SQLiteManager.h */,
				B28205141B622DF8003F3481 /* SQLiteManager.m */,
				B28205161B622DF8003F3481 /* DownloadManager.h */,
				B28205131B622DF8003F3481 /* DownloadManager.m */,
			);
			name = Proccessing;
			sourceTree = "<group>";
		};
		B28205191B622E5B003F3481 /* DB */ = {
			isa = PBXGroup;
			children = (
				B28205251B62359C003F3481 /* Clay_Everything.sqlite */,
			);
			name = DB;
			sourceTree = "<group>";
		};
		B28205271B623817003F3481 /* Icon */ = {
			isa = PBXGroup;
			children = (
				B2FDDF9F1B65EA9A00CB8735 /* star_icon.png */,
				B2FDDF981B65E2E500CB8735 /* btnRight.png */,
				B2FDDF991B65E2E500CB8735 /* btnLeft.png */,
				B2FDDF911B65D62600CB8735 /* ic_more.png */,
				B2FDDF8F1B65D40700CB8735 /* icon_placeholder.png */,
				B28205281B623850003F3481 /* 126_icon.png */,
				B28205291B623850003F3481 /* 123_icon.png */,
				B282052A1B623850003F3481 /* 124_icon.png */,
				B282052B1B623850003F3481 /* 125_icon.png */,
				B282052C1B623850003F3481 /* 120_icon.png */,
				B282052D1B623850003F3481 /* 121_icon.png */,
				B282052E1B623850003F3481 /* 122_icon.png */,
				B282052F1B623850003F3481 /* 117_icon.png */,
				B28205301B623850003F3481 /* 118_icon.png */,
				B28205311B623850003F3481 /* 119_icon.png */,
				B28205321B623850003F3481 /* 114_icon.png */,
				B28205331B623850003F3481 /* 115_icon.png */,
				B28205341B623850003F3481 /* 116_icon.png */,
				B28205351B623850003F3481 /* 111_icon.png */,
				B28205361B623850003F3481 /* 112_icon.png */,
				B28205371B623850003F3481 /* 113_icon.png */,
				B28205381B623850003F3481 /* 108_icon.png */,
				B28205391B623850003F3481 /* 109_icon.png */,
				B282053A1B623850003F3481 /* 110_icon.png */,
				B282053B1B623850003F3481 /* 105_icon.png */,
				B282053C1B623850003F3481 /* 106_icon.png */,
				B282053D1B623850003F3481 /* 107_icon.png */,
				B282053E1B623850003F3481 /* 103_icon.png */,
				B282053F1B623850003F3481 /* 104_icon.png */,
				B28205401B623850003F3481 /* 100_icon.png */,
				B28205411B623850003F3481 /* 101_icon.png */,
				B28205421B623850003F3481 /* 102_icon.png */,
				B28205431B623850003F3481 /* 097_icon.png */,
				B28205441B623850003F3481 /* 098_icon.png */,
				B28205451B623850003F3481 /* 099_icon.png */,
				B28205461B623850003F3481 /* 094_icon.png */,
				B28205471B623850003F3481 /* 095_icon.png */,
				B28205481B623850003F3481 /* 096_icon.png */,
				B28205491B623850003F3481 /* 090_icon.png */,
				B282054A1B623850003F3481 /* 091_icon.png */,
				B282054B1B623850003F3481 /* 092_icon.png */,
				B282054C1B623850003F3481 /* 093_icon.png */,
				B282054D1B623850003F3481 /* 087_icon.png */,
				B282054E1B623850003F3481 /* 088_icon.png */,
				B282054F1B623850003F3481 /* 089_icon.png */,
				B28205501B623850003F3481 /* 085_icon.png */,
				B28205511B623850003F3481 /* 086_icon.png */,
				B28205521B623850003F3481 /* 082_icon.png */,
				B28205531B623850003F3481 /* 083_icon.png */,
				B28205541B623850003F3481 /* 084_icon.png */,
				B28205551B623850003F3481 /* 078_icon.png */,
				B28205561B623850003F3481 /* 079_icon.png */,
				B28205571B623850003F3481 /* 080_icon.png */,
				B28205581B623850003F3481 /* 081_icon.png */,
				B28205591B623850003F3481 /* 073_icon.png */,
				B282055A1B623850003F3481 /* 074_icon.png */,
				B282055B1B623850003F3481 /* 075_icon.png */,
				B282055C1B623850003F3481 /* 076_icon.png */,
				B282055D1B623850003F3481 /* 077_icon.png */,
				B282055E1B623850003F3481 /* 068_icon.png */,
				B282055F1B623850003F3481 /* 069_icon.png */,
				B28205601B623850003F3481 /* 070_icon.png */,
				B28205611B623850003F3481 /* 071_icon.png */,
				B28205621B623850003F3481 /* 072_icon.png */,
				B28205631B623850003F3481 /* 064_icon.png */,
				B28205641B623850003F3481 /* 065_icon.png */,
				B28205651B623850003F3481 /* 066_icon.png */,
				B28205661B623850003F3481 /* 067_icon.png */,
				B28205671B623850003F3481 /* 059_icon.png */,
				B28205681B623850003F3481 /* 060_icon.png */,
				B28205691B623850003F3481 /* 061_icon.png */,
				B282056A1B623850003F3481 /* 062_icon.png */,
				B282056B1B623850003F3481 /* 063_icon.png */,
				B282056C1B623850003F3481 /* 054_icon.png */,
				B282056D1B623850003F3481 /* 055_icon.png */,
				B282056E1B623850003F3481 /* 056_icon.png */,
				B282056F1B623850003F3481 /* 057_icon.png */,
				B28205701B623850003F3481 /* 058_icon.png */,
				B28205711B623850003F3481 /* 052_icon.png */,
				B28205721B623850003F3481 /* 053_icon.png */,
				B28205731B623850003F3481 /* 049_icon.png */,
				B28205741B623850003F3481 /* 050_icon.png */,
				B28205751B623850003F3481 /* 051_icon.png */,
				B28205761B623850003F3481 /* 047_icon.png */,
				B28205771B623850003F3481 /* 048_icon.png */,
				B28205781B623850003F3481 /* 045_icon.png */,
				B28205791B623850003F3481 /* 046_icon.png */,
				B282057A1B623850003F3481 /* 043_icon.png */,
				B282057B1B623850003F3481 /* 044_icon.png */,
				B282057C1B623850003F3481 /* 041_icon.png */,
				B282057D1B623850003F3481 /* 042_icon.png */,
				B282057E1B623850003F3481 /* 039_icon.png */,
				B282057F1B623850003F3481 /* 040_icon.png */,
				B28205801B623850003F3481 /* 035_icon.png */,
				B28205811B623850003F3481 /* 036_icon.png */,
				B28205821B623850003F3481 /* 037_icon.png */,
				B28205831B623850003F3481 /* 038_icon.png */,
				B28205841B623850003F3481 /* 030_icon.png */,
				B28205851B623850003F3481 /* 031_icon.png */,
				B28205861B623850003F3481 /* 032_icon.png */,
				B28205871B623850003F3481 /* 033_icon.png */,
				B28205881B623850003F3481 /* 034_icon.png */,
				B28205891B623850003F3481 /* 027_icon.png */,
				B282058A1B623850003F3481 /* 028_icon.png */,
				B282058B1B623850003F3481 /* 029_icon.png */,
				B282058C1B623850003F3481 /* 024_icon.png */,
				B282058D1B623850003F3481 /* 025_icon.png */,
				B282058E1B623850003F3481 /* 026_icon.png */,
				B282058F1B623850003F3481 /* 022_icon.png */,
				B28205901B623850003F3481 /* 023_icon.png */,
				B28205911B623850003F3481 /* 018_icon.png */,
				B28205921B623850003F3481 /* 019_icon.png */,
				B28205931B623850003F3481 /* 020_icon.png */,
				B28205941B623850003F3481 /* 021_icon.png */,
				B28205951B623850003F3481 /* 016_icon.png */,
				B28205961B623850003F3481 /* 017_icon.png */,
				B28205971B623850003F3481 /* 013_icon.png */,
				B28205981B623850003F3481 /* 014_icon.png */,
				B28205991B623850003F3481 /* 015_icon.png */,
				B282059A1B623850003F3481 /* 011_icon.png */,
				B282059B1B623850003F3481 /* 012_icon.png */,
				B282059C1B623850003F3481 /* 008_icon.png */,
				B282059D1B623850003F3481 /* 009_icon.png */,
				B282059E1B623850003F3481 /* 010_icon.png */,
				B282059F1B623850003F3481 /* 006_icon.png */,
				B28205A01B623850003F3481 /* 007_icon.png */,
				B28205A11B623850003F3481 /* 001_icon.png */,
				B28205A21B623850003F3481 /* 002_icon.png */,
				B28205A31B623850003F3481 /* 003_icon.png */,
				B28205A41B623851003F3481 /* 004_icon.png */,
				B28205A51B623851003F3481 /* 005_icon.png */,
			);
			name = Icon;
			sourceTree = "<group>";
		};
		B2FDDF791B623BB700CB8735 /* Xib */ = {
			isa = PBXGroup;
			children = (
				B2FDDF961B65DD5F00CB8735 /* GuideViewController.xib */,
				B2FDDF7F1B65C8D600CB8735 /* MainViewController.xib */,
				B2FDDF7A1B623BF200CB8735 /* SplashScreenViewController.xib */,
			);
			name = Xib;
			sourceTree = "<group>";
		};
		B2FDDF841B65C97500CB8735 /* View */ = {
			isa = PBXGroup;
			children = (
				B2FDDF9D1B65E96E00CB8735 /* StarsBarView.h */,
				B2FDDF9C1B65E96E00CB8735 /* StarsBarView.m */,
				B2FDDF871B65C9A400CB8735 /* PercentageBarUploadingView.m */,
				B2FDDF881B65C9A400CB8735 /* PercentageBarUploadingView.xib */,
				B2FDDF891B65C9A400CB8735 /* PercentageBarUploadingView.h */,
			);
			name = View;
			sourceTree = "<group>";
		};
/* End PBXGroup section */

/* Begin PBXNativeTarget section */
		B28204D81B622642003F3481 /* Clay for Kids - 3D */ = {
			isa = PBXNativeTarget;
			buildConfigurationList = B28204FC1B622642003F3481 /* Build configuration list for PBXNativeTarget "Clay for Kids - 3D" */;
			buildPhases = (
				298F972F7482F21B1ED6D89B /* Check Pods Manifest.lock */,
				B28204D51B622642003F3481 /* Sources */,
				B28204D61B622642003F3481 /* Frameworks */,
				B28204D71B622642003F3481 /* Resources */,
				570DAA63ADBD7E3C4B5EFC2D /* Copy Pods Resources */,
			);
			buildRules = (
			);
			dependencies = (
			);
			name = "Clay for Kids - 3D";
			productName = "Clay for Kids - 3D";
			productReference = B28204D91B622642003F3481 /* Clay for Kids - 3D.app */;
			productType = "com.apple.product-type.application";
		};
/* End PBXNativeTarget section */

/* Begin PBXProject section */
		B28204D11B622642003F3481 /* Project object */ = {
			isa = PBXProject;
			attributes = {
				LastUpgradeCheck = 0640;
				ORGANIZATIONNAME = "Thien Nguyen";
				TargetAttributes = {
					B28204D81B622642003F3481 = {
						CreatedOnToolsVersion = 6.4;
					};
				};
			};
			buildConfigurationList = B28204D41B622642003F3481 /* Build configuration list for PBXProject "Clay for Kids - 3D" */;
			compatibilityVersion = "Xcode 3.2";
			developmentRegion = English;
			hasScannedForEncodings = 0;
			knownRegions = (
				en,
				Base,
			);
			mainGroup = B28204D01B622642003F3481;
			productRefGroup = B28204DA1B622642003F3481 /* Products */;
			projectDirPath = "";
			projectRoot = "";
			targets = (
				B28204D81B622642003F3481 /* Clay for Kids - 3D */,
			);
		};
/* End PBXProject section */

/* Begin PBXResourcesBuildPhase section */
		B28204D71B622642003F3481 /* Resources */ = {
			isa = PBXResourcesBuildPhase;
			buildActionMask = 2147483647;
			files = (
				B28205CB1B623851003F3481 /* 087_icon.png in Resources */,
				B28205E21B623851003F3481 /* 065_icon.png in Resources */,
				B282061F1B623851003F3481 /* 001_icon.png in Resources */,
				B28205C41B623851003F3481 /* 094_icon.png in Resources */,
				B28205DC1B623851003F3481 /* 068_icon.png in Resources */,
				B282060E1B623851003F3481 /* 023_icon.png in Resources */,
				B28205D11B623851003F3481 /* 083_icon.png in Resources */,
				B28205C21B623851003F3481 /* 098_icon.png in Resources */,
				B282061C1B623851003F3481 /* 010_icon.png in Resources */,
				B28205B31B623851003F3481 /* 111_icon.png in Resources */,
				B28206121B623851003F3481 /* 021_icon.png in Resources */,
				B28205DD1B623851003F3481 /* 069_icon.png in Resources */,
				B28205D41B623851003F3481 /* 079_icon.png in Resources */,
				B28205CE1B623851003F3481 /* 085_icon.png in Resources */,
				B2FDDF9B1B65E2E500CB8735 /* btnLeft.png in Resources */,
				B28205B61B623851003F3481 /* 108_icon.png in Resources */,
				B28206101B623851003F3481 /* 019_icon.png in Resources */,
				B282060D1B623851003F3481 /* 022_icon.png in Resources */,
				B28206061B623851003F3481 /* 034_icon.png in Resources */,
				B28205FD1B623851003F3481 /* 040_icon.png in Resources */,
				B28205AD1B623851003F3481 /* 117_icon.png in Resources */,
				B2FDDF921B65D62600CB8735 /* ic_more.png in Resources */,
				B28205CC1B623851003F3481 /* 088_icon.png in Resources */,
				B28205BE1B623851003F3481 /* 100_icon.png in Resources */,
				B28205D91B623851003F3481 /* 075_icon.png in Resources */,
				B28205F91B623851003F3481 /* 044_icon.png in Resources */,
				B28205E31B623851003F3481 /* 066_icon.png in Resources */,
				B28205AC1B623851003F3481 /* 122_icon.png in Resources */,
				B28206211B623851003F3481 /* 003_icon.png in Resources */,
				B28205D31B623851003F3481 /* 078_icon.png in Resources */,
				B28205B01B623851003F3481 /* 114_icon.png in Resources */,
				B28205D71B623851003F3481 /* 073_icon.png in Resources */,
				B28205E51B623851003F3481 /* 059_icon.png in Resources */,
				B28205F81B623851003F3481 /* 043_icon.png in Resources */,
				B28206081B623851003F3481 /* 028_icon.png in Resources */,
				B28205C11B623851003F3481 /* 097_icon.png in Resources */,
				B28205ED1B623851003F3481 /* 057_icon.png in Resources */,
				B282060C1B623851003F3481 /* 026_icon.png in Resources */,
				B28205CA1B623851003F3481 /* 093_icon.png in Resources */,
				B28205E91B623851003F3481 /* 063_icon.png in Resources */,
				B282060A1B623851003F3481 /* 024_icon.png in Resources */,
				B28206071B623851003F3481 /* 027_icon.png in Resources */,
				B28205C91B623851003F3481 /* 092_icon.png in Resources */,
				B28205DE1B623851003F3481 /* 070_icon.png in Resources */,
				B28205EE1B623851003F3481 /* 058_icon.png in Resources */,
				B28205F41B623851003F3481 /* 047_icon.png in Resources */,
				B2FDDF8B1B65C9A400CB8735 /* PercentageBarUploadingView.xib in Resources */,
				B28205EA1B623851003F3481 /* 054_icon.png in Resources */,
				B28206011B623851003F3481 /* 038_icon.png in Resources */,
				B2FDDF901B65D40700CB8735 /* icon_placeholder.png in Resources */,
				B2FDDFA01B65EA9A00CB8735 /* star_icon.png in Resources */,
				B28205BF1B623851003F3481 /* 101_icon.png in Resources */,
				B28205C61B623851003F3481 /* 096_icon.png in Resources */,
				B28206051B623851003F3481 /* 033_icon.png in Resources */,
				B28205FA1B623851003F3481 /* 041_icon.png in Resources */,
				B28205A71B623851003F3481 /* 123_icon.png in Resources */,
				B28205AA1B623851003F3481 /* 120_icon.png in Resources */,
				B28205A81B623851003F3481 /* 124_icon.png in Resources */,
				B28205B51B623851003F3481 /* 113_icon.png in Resources */,
				B28205AF1B623851003F3481 /* 119_icon.png in Resources */,
				B28205FF1B623851003F3481 /* 036_icon.png in Resources */,
				B28205E61B623851003F3481 /* 060_icon.png in Resources */,
				B28205E41B623851003F3481 /* 067_icon.png in Resources */,
				B28205BA1B623851003F3481 /* 106_icon.png in Resources */,
				B28205BC1B623851003F3481 /* 103_icon.png in Resources */,
				B28205AE1B623851003F3481 /* 118_icon.png in Resources */,
				B28206141B623851003F3481 /* 017_icon.png in Resources */,
				B28206181B623851003F3481 /* 011_icon.png in Resources */,
				B28206041B623851003F3481 /* 032_icon.png in Resources */,
				B28206221B623851003F3481 /* 004_icon.png in Resources */,
				B28206161B623851003F3481 /* 014_icon.png in Resources */,
				B28205EC1B623851003F3481 /* 056_icon.png in Resources */,
				B28205E11B623851003F3481 /* 064_icon.png in Resources */,
				B28205F01B623851003F3481 /* 053_icon.png in Resources */,
				B28206201B623851003F3481 /* 002_icon.png in Resources */,
				B28205FB1B623851003F3481 /* 042_icon.png in Resources */,
				B28205DF1B623851003F3481 /* 071_icon.png in Resources */,
				B28205D21B623851003F3481 /* 084_icon.png in Resources */,
				B28205E81B623851003F3481 /* 062_icon.png in Resources */,
				B28205B41B623851003F3481 /* 112_icon.png in Resources */,
				B28205F31B623851003F3481 /* 051_icon.png in Resources */,
				B28205D61B623851003F3481 /* 081_icon.png in Resources */,
				B28205B91B623851003F3481 /* 105_icon.png in Resources */,
				B28206191B623851003F3481 /* 012_icon.png in Resources */,
				B28205C71B623851003F3481 /* 090_icon.png in Resources */,
				B28204ED1B622642003F3481 /* LaunchScreen.xib in Resources */,
				B28205EB1B623851003F3481 /* 055_icon.png in Resources */,
				B28205E71B623851003F3481 /* 061_icon.png in Resources */,
				B28205F71B623851003F3481 /* 046_icon.png in Resources */,
				B28205F21B623851003F3481 /* 050_icon.png in Resources */,
				B28205F61B623851003F3481 /* 045_icon.png in Resources */,
				B28206131B623851003F3481 /* 016_icon.png in Resources */,
				B28206231B623851003F3481 /* 005_icon.png in Resources */,
				B28205CF1B623851003F3481 /* 086_icon.png in Resources */,
				B28205CD1B623851003F3481 /* 089_icon.png in Resources */,
				B28205FE1B623851003F3481 /* 035_icon.png in Resources */,
				B28204EA1B622642003F3481 /* Images.xcassets in Resources */,
				B28205DB1B623851003F3481 /* 077_icon.png in Resources */,
				B28205261B62359C003F3481 /* Clay_Everything.sqlite in Resources */,
				B2FDDF9A1B65E2E500CB8735 /* btnRight.png in Resources */,
				B28206031B623851003F3481 /* 031_icon.png in Resources */,
				B28206151B623851003F3481 /* 013_icon.png in Resources */,
				B28206001B623851003F3481 /* 037_icon.png in Resources */,
				B28205C31B623851003F3481 /* 099_icon.png in Resources */,
				B282061A1B623851003F3481 /* 008_icon.png in Resources */,
				B28205EF1B623851003F3481 /* 052_icon.png in Resources */,
				B2FDDF971B65DD5F00CB8735 /* GuideViewController.xib in Resources */,
				B28205DA1B623851003F3481 /* 076_icon.png in Resources */,
				B282061B1B623851003F3481 /* 009_icon.png in Resources */,
				B28206021B623851003F3481 /* 030_icon.png in Resources */,
				B2FDDF7B1B623BF200CB8735 /* SplashScreenViewController.xib in Resources */,
				B28206111B623851003F3481 /* 020_icon.png in Resources */,
				B28205A61B623851003F3481 /* 126_icon.png in Resources */,
				B28205D51B623851003F3481 /* 080_icon.png in Resources */,
				B28205B81B623851003F3481 /* 110_icon.png in Resources */,
				B282060B1B623851003F3481 /* 025_icon.png in Resources */,
				B28206171B623851003F3481 /* 015_icon.png in Resources */,
				B28205D01B623851003F3481 /* 082_icon.png in Resources */,
				B28205B21B623851003F3481 /* 116_icon.png in Resources */,
				B282060F1B623851003F3481 /* 018_icon.png in Resources */,
				B28205F11B623851003F3481 /* 049_icon.png in Resources */,
				B28206091B623851003F3481 /* 029_icon.png in Resources */,
				B28205C01B623851003F3481 /* 102_icon.png in Resources */,
				B28205E01B623851003F3481 /* 072_icon.png in Resources */,
				B28205A91B623851003F3481 /* 125_icon.png in Resources */,
				B28205FC1B623851003F3481 /* 039_icon.png in Resources */,
				B2FDDF801B65C8D600CB8735 /* MainViewController.xib in Resources */,
				B28205F51B623851003F3481 /* 048_icon.png in Resources */,
				B28205B71B623851003F3481 /* 109_icon.png in Resources */,
				B28205BD1B623851003F3481 /* 104_icon.png in Resources */,
				B28205BB1B623851003F3481 /* 107_icon.png in Resources */,
				B282061E1B623851003F3481 /* 007_icon.png in Resources */,
				B28205C81B623851003F3481 /* 091_icon.png in Resources */,
				B28205C51B623851003F3481 /* 095_icon.png in Resources */,
				B28205D81B623851003F3481 /* 074_icon.png in Resources */,
				B282061D1B623851003F3481 /* 006_icon.png in Resources */,
				B28205B11B623851003F3481 /* 115_icon.png in Resources */,
				B28205AB1B623851003F3481 /* 121_icon.png in Resources */,
			);
			runOnlyForDeploymentPostprocessing = 0;
		};
/* End PBXResourcesBuildPhase section */

/* Begin PBXShellScriptBuildPhase section */
		298F972F7482F21B1ED6D89B /* Check Pods Manifest.lock */ = {
			isa = PBXShellScriptBuildPhase;
			buildActionMask = 2147483647;
			files = (
			);
			inputPaths = (
			);
			name = "Check Pods Manifest.lock";
			outputPaths = (
			);
			runOnlyForDeploymentPostprocessing = 0;
			shellPath = /bin/sh;
			shellScript = "diff \"${PODS_ROOT}/../Podfile.lock\" \"${PODS_ROOT}/Manifest.lock\" > /dev/null\nif [[ $? != 0 ]] ; then\n    cat << EOM\nerror: The sandbox is not in sync with the Podfile.lock. Run 'pod install' or update your CocoaPods installation.\nEOM\n    exit 1\nfi\n";
			showEnvVarsInLog = 0;
		};
		570DAA63ADBD7E3C4B5EFC2D /* Copy Pods Resources */ = {
			isa = PBXShellScriptBuildPhase;
			buildActionMask = 2147483647;
			files = (
			);
			inputPaths = (
			);
			name = "Copy Pods Resources";
			outputPaths = (
			);
			runOnlyForDeploymentPostprocessing = 0;
			shellPath = /bin/sh;
			shellScript = "\"${SRCROOT}/Pods/Target Support Files/Pods-Clay for Kids - 3D/Pods-Clay for Kids - 3D-resources.sh\"\n";
			showEnvVarsInLog = 0;
		};
/* End PBXShellScriptBuildPhase section */

/* Begin PBXSourcesBuildPhase section */
		B28204D51B622642003F3481 /* Sources */ = {
			isa = PBXSourcesBuildPhase;
			buildActionMask = 2147483647;
			files = (
				B282051C1B622EA4003F3481 /* Clay.m in Sources */,
				B28204E51B622642003F3481 /* ViewController.m in Sources */,
				B28205071B622D74003F3481 /* ConfigApp.m in Sources */,
				B28205111B622DB9003F3481 /* ConfigManager.m in Sources */,
				B2FDDF7E1B623C1A00CB8735 /* SplashScreenViewController.m in Sources */,
				B2FDDF8A1B65C9A400CB8735 /* PercentageBarUploadingView.m in Sources */,
				B28204E21B622642003F3481 /* AppDelegate.m in Sources */,
				B28205101B622DB9003F3481 /* Utils.m in Sources */,
				B28205221B622EF4003F3481 /* ClayStep.m in Sources */,
				B2FDDF8E1B65CA4100CB8735 /* MoreAppsViewController.m in Sources */,
				B28205081B622D74003F3481 /* MoreApp.m in Sources */,
				B28204DF1B622642003F3481 /* main.m in Sources */,
				B2FDDF9E1B65E96E00CB8735 /* StarsBarView.m in Sources */,
				B2FDDF951B65DD3E00CB8735 /* GuideViewController.m in Sources */,
				B282051F1B622EC1003F3481 /* ClayGroup.m in Sources */,
				B2FDDF831B65C8E600CB8735 /* MainViewController.m in Sources */,
				B28205171B622DF8003F3481 /* DownloadManager.m in Sources */,
				B28205181B622DF8003F3481 /* SQLiteManager.m in Sources */,
			);
			runOnlyForDeploymentPostprocessing = 0;
		};
/* End PBXSourcesBuildPhase section */

/* Begin PBXVariantGroup section */
		B28204EB1B622642003F3481 /* LaunchScreen.xib */ = {
			isa = PBXVariantGroup;
			children = (
				B28204EC1B622642003F3481 /* Base */,
			);
			name = LaunchScreen.xib;
			sourceTree = "<group>";
		};
/* End PBXVariantGroup section */

/* Begin XCBuildConfiguration section */
		B28204FA1B622642003F3481 /* Debug */ = {
			isa = XCBuildConfiguration;
			buildSettings = {
				ALWAYS_SEARCH_USER_PATHS = NO;
				CLANG_CXX_LANGUAGE_STANDARD = "gnu++0x";
				CLANG_CXX_LIBRARY = "libc++";
				CLANG_ENABLE_MODULES = YES;
				CLANG_ENABLE_OBJC_ARC = YES;
				CLANG_WARN_BOOL_CONVERSION = YES;
				CLANG_WARN_CONSTANT_CONVERSION = YES;
				CLANG_WARN_DIRECT_OBJC_ISA_USAGE = YES_ERROR;
				CLANG_WARN_EMPTY_BODY = YES;
				CLANG_WARN_ENUM_CONVERSION = YES;
				CLANG_WARN_INT_CONVERSION = YES;
				CLANG_WARN_OBJC_ROOT_CLASS = YES_ERROR;
				CLANG_WARN_UNREACHABLE_CODE = YES;
				CLANG_WARN__DUPLICATE_METHOD_MATCH = YES;
				"CODE_SIGN_IDENTITY[sdk=iphoneos*]" = "iPhone Developer";
				COPY_PHASE_STRIP = NO;
				DEBUG_INFORMATION_FORMAT = "dwarf-with-dsym";
				ENABLE_STRICT_OBJC_MSGSEND = YES;
				GCC_C_LANGUAGE_STANDARD = gnu99;
				GCC_DYNAMIC_NO_PIC = NO;
				GCC_NO_COMMON_BLOCKS = YES;
				GCC_OPTIMIZATION_LEVEL = 0;
				GCC_PREPROCESSOR_DEFINITIONS = (
					"DEBUG=1",
					"$(inherited)",
				);
				GCC_SYMBOLS_PRIVATE_EXTERN = NO;
				GCC_WARN_64_TO_32_BIT_CONVERSION = YES;
				GCC_WARN_ABOUT_RETURN_TYPE = YES_ERROR;
				GCC_WARN_UNDECLARED_SELECTOR = YES;
				GCC_WARN_UNINITIALIZED_AUTOS = YES_AGGRESSIVE;
				GCC_WARN_UNUSED_FUNCTION = YES;
				GCC_WARN_UNUSED_VARIABLE = YES;
				IPHONEOS_DEPLOYMENT_TARGET = 7.0;
				MTL_ENABLE_DEBUG_INFO = YES;
				ONLY_ACTIVE_ARCH = YES;
				SDKROOT = iphoneos;
				TARGETED_DEVICE_FAMILY = "1,2";
			};
			name = Debug;
		};
		B28204FB1B622642003F3481 /* Release */ = {
			isa = XCBuildConfiguration;
			buildSettings = {
				ALWAYS_SEARCH_USER_PATHS = NO;
				CLANG_CXX_LANGUAGE_STANDARD = "gnu++0x";
				CLANG_CXX_LIBRARY = "libc++";
				CLANG_ENABLE_MODULES = YES;
				CLANG_ENABLE_OBJC_ARC = YES;
				CLANG_WARN_BOOL_CONVERSION = YES;
				CLANG_WARN_CONSTANT_CONVERSION = YES;
				CLANG_WARN_DIRECT_OBJC_ISA_USAGE = YES_ERROR;
				CLANG_WARN_EMPTY_BODY = YES;
				CLANG_WARN_ENUM_CONVERSION = YES;
				CLANG_WARN_INT_CONVERSION = YES;
				CLANG_WARN_OBJC_ROOT_CLASS = YES_ERROR;
				CLANG_WARN_UNREACHABLE_CODE = YES;
				CLANG_WARN__DUPLICATE_METHOD_MATCH = YES;
				"CODE_SIGN_IDENTITY[sdk=iphoneos*]" = "iPhone Developer";
				COPY_PHASE_STRIP = NO;
				DEBUG_INFORMATION_FORMAT = "dwarf-with-dsym";
				ENABLE_NS_ASSERTIONS = NO;
				ENABLE_STRICT_OBJC_MSGSEND = YES;
				GCC_C_LANGUAGE_STANDARD = gnu99;
				GCC_NO_COMMON_BLOCKS = YES;
				GCC_WARN_64_TO_32_BIT_CONVERSION = YES;
				GCC_WARN_ABOUT_RETURN_TYPE = YES_ERROR;
				GCC_WARN_UNDECLARED_SELECTOR = YES;
				GCC_WARN_UNINITIALIZED_AUTOS = YES_AGGRESSIVE;
				GCC_WARN_UNUSED_FUNCTION = YES;
				GCC_WARN_UNUSED_VARIABLE = YES;
				IPHONEOS_DEPLOYMENT_TARGET = 7.0;
				MTL_ENABLE_DEBUG_INFO = NO;
				SDKROOT = iphoneos;
				TARGETED_DEVICE_FAMILY = "1,2";
				VALIDATE_PRODUCT = YES;
			};
			name = Release;
		};
		B28204FD1B622642003F3481 /* Debug */ = {
			isa = XCBuildConfiguration;
			baseConfigurationReference = 5D71C3374987AA6C313B001E /* Pods-Clay for Kids - 3D.debug.xcconfig */;
			buildSettings = {
				ASSETCATALOG_COMPILER_APPICON_NAME = AppIcon;
				ASSETCATALOG_COMPILER_LAUNCHIMAGE_NAME = LaunchImage;
				INFOPLIST_FILE = "Clay for Kids - 3D/Info.plist";
				LD_RUNPATH_SEARCH_PATHS = "$(inherited) @executable_path/Frameworks";
				PRODUCT_NAME = "$(TARGET_NAME)";
				TARGETED_DEVICE_FAMILY = "1,2";
			};
			name = Debug;
		};
		B28204FE1B622642003F3481 /* Release */ = {
			isa = XCBuildConfiguration;
			baseConfigurationReference = 78F195FA3732D6723259FB8E /* Pods-Clay for Kids - 3D.release.xcconfig */;
			buildSettings = {
				ASSETCATALOG_COMPILER_APPICON_NAME = AppIcon;
				ASSETCATALOG_COMPILER_LAUNCHIMAGE_NAME = LaunchImage;
				INFOPLIST_FILE = "Clay for Kids - 3D/Info.plist";
				LD_RUNPATH_SEARCH_PATHS = "$(inherited) @executable_path/Frameworks";
				PRODUCT_NAME = "$(TARGET_NAME)";
				TARGETED_DEVICE_FAMILY = "1,2";
			};
			name = Release;
		};
/* End XCBuildConfiguration section */

/* Begin XCConfigurationList section */
		B28204D41B622642003F3481 /* Build configuration list for PBXProject "Clay for Kids - 3D" */ = {
			isa = XCConfigurationList;
			buildConfigurations = (
				B28204FA1B622642003F3481 /* Debug */,
				B28204FB1B622642003F3481 /* Release */,
			);
			defaultConfigurationIsVisible = 0;
			defaultConfigurationName = Release;
		};
		B28204FC1B622642003F3481 /* Build configuration list for PBXNativeTarget "Clay for Kids - 3D" */ = {
			isa = XCConfigurationList;
			buildConfigurations = (
				B28204FD1B622642003F3481 /* Debug */,
				B28204FE1B622642003F3481 /* Release */,
			);
			defaultConfigurationIsVisible = 0;
			defaultConfigurationName = Release;
		};
/* End XCConfigurationList section */
	};
	rootObject = B28204D11B622642003F3481 /* Project object */;
}
